<?xml version="1.0" encoding="utf-8"?>
<Project ToolsVersion="16.0" xmlns="http://schemas.microsoft.com/developer/msbuild/2003">
  <ItemGroup>
    <ClCompile Include="E:\Projects\Github\cmp5359-cg-milestones-20-21-JamesPhilipPrice\Code\PBRT\pbrt-v3_clone\src\tests\analytic_scenes.cpp">
      <Filter>Source Files</Filter>
    </ClCompile>
    <ClCompile Include="E:\Projects\Github\cmp5359-cg-milestones-20-21-JamesPhilipPrice\Code\PBRT\pbrt-v3_clone\src\tests\animatedtransform.cpp">
      <Filter>Source Files</Filter>
    </ClCompile>
    <ClCompile Include="E:\Projects\Github\cmp5359-cg-milestones-20-21-JamesPhilipPrice\Code\PBRT\pbrt-v3_clone\src\tests\bitops.cpp">
      <Filter>Source Files</Filter>
    </ClCompile>
    <ClCompile Include="E:\Projects\Github\cmp5359-cg-milestones-20-21-JamesPhilipPrice\Code\PBRT\pbrt-v3_clone\src\tests\bounds.cpp">
      <Filter>Source Files</Filter>
    </ClCompile>
    <ClCompile Include="E:\Projects\Github\cmp5359-cg-milestones-20-21-JamesPhilipPrice\Code\PBRT\pbrt-v3_clone\src\tests\bsdfs.cpp">
      <Filter>Source Files</Filter>
    </ClCompile>
    <ClCompile Include="E:\Projects\Github\cmp5359-cg-milestones-20-21-JamesPhilipPrice\Code\PBRT\pbrt-v3_clone\src\tests\fileutil.cpp">
      <Filter>Source Files</Filter>
    </ClCompile>
    <ClCompile Include="E:\Projects\Github\cmp5359-cg-milestones-20-21-JamesPhilipPrice\Code\PBRT\pbrt-v3_clone\src\tests\find_interval.cpp">
      <Filter>Source Files</Filter>
    </ClCompile>
    <ClCompile Include="E:\Projects\Github\cmp5359-cg-milestones-20-21-JamesPhilipPrice\Code\PBRT\pbrt-v3_clone\src\tests\fourierbsdf.cpp">
      <Filter>Source Files</Filter>
    </ClCompile>
    <ClCompile Include="E:\Projects\Github\cmp5359-cg-milestones-20-21-JamesPhilipPrice\Code\PBRT\pbrt-v3_clone\src\tests\fp_tests.cpp">
      <Filter>Source Files</Filter>
    </ClCompile>
    <ClCompile Include="E:\Projects\Github\cmp5359-cg-milestones-20-21-JamesPhilipPrice\Code\PBRT\pbrt-v3_clone\src\tests\gtest\gtest-all.cc">
      <Filter>Source Files</Filter>
    </ClCompile>
    <ClCompile Include="E:\Projects\Github\cmp5359-cg-milestones-20-21-JamesPhilipPrice\Code\PBRT\pbrt-v3_clone\src\tests\gtest\gtest_main.cc">
      <Filter>Source Files</Filter>
    </ClCompile>
    <ClCompile Include="E:\Projects\Github\cmp5359-cg-milestones-20-21-JamesPhilipPrice\Code\PBRT\pbrt-v3_clone\src\tests\hair.cpp">
      <Filter>Source Files</Filter>
    </ClCompile>
    <ClCompile Include="E:\Projects\Github\cmp5359-cg-milestones-20-21-JamesPhilipPrice\Code\PBRT\pbrt-v3_clone\src\tests\hg.cpp">
      <Filter>Source Files</Filter>
    </ClCompile>
    <ClCompile Include="E:\Projects\Github\cmp5359-cg-milestones-20-21-JamesPhilipPrice\Code\PBRT\pbrt-v3_clone\src\tests\imageio.cpp">
      <Filter>Source Files</Filter>
    </ClCompile>
    <ClCompile Include="E:\Projects\Github\cmp5359-cg-milestones-20-21-JamesPhilipPrice\Code\PBRT\pbrt-v3_clone\src\tests\parallel.cpp">
      <Filter>Source Files</Filter>
    </ClCompile>
    <ClCompile Include="E:\Projects\Github\cmp5359-cg-milestones-20-21-JamesPhilipPrice\Code\PBRT\pbrt-v3_clone\src\tests\parser.cpp">
      <Filter>Source Files</Filter>
    </ClCompile>
    <ClCompile Include="E:\Projects\Github\cmp5359-cg-milestones-20-21-JamesPhilipPrice\Code\PBRT\pbrt-v3_clone\src\tests\print.cpp">
      <Filter>Source Files</Filter>
    </ClCompile>
    <ClCompile Include="E:\Projects\Github\cmp5359-cg-milestones-20-21-JamesPhilipPrice\Code\PBRT\pbrt-v3_clone\src\tests\sampling.cpp">
      <Filter>Source Files</Filter>
    </ClCompile>
    <ClCompile Include="E:\Projects\Github\cmp5359-cg-milestones-20-21-JamesPhilipPrice\Code\PBRT\pbrt-v3_clone\src\tests\shapes.cpp">
      <Filter>Source Files</Filter>
    </ClCompile>
    <ClCompile Include="E:\Projects\Github\cmp5359-cg-milestones-20-21-JamesPhilipPrice\Code\PBRT\pbrt-v3_clone\src\tests\spectrum.cpp">
      <Filter>Source Files</Filter>
    </ClCompile>
  </ItemGroup>
  <ItemGroup>
    <CustomBuild Include="E:\Projects\Github\cmp5359-cg-milestones-20-21-JamesPhilipPrice\Code\PBRT\pbrt-v3_clone\CMakeLists.txt" />
  </ItemGroup>
  <ItemGroup>
    <Filter Include="Source Files">
      <UniqueIdentifier>{2810DFAF-17F7-37B0-A2E7-63E5E5F4A2BA}</UniqueIdentifier>
    </Filter>
  </ItemGroup>
</Project>
