
Microsoft Visual Studio Solution File, Format Version 12.00
# Visual Studio Version 16
Project("{2150E333-8FDC-42A3-9474-1A3956D46DE8}") = "CMakePredefinedTargets", "CMakePredefinedTargets", "{90A53C29-69D0-3B4C-9653-4502A336130E}"
EndProject
Project("{2150E333-8FDC-42A3-9474-1A3956D46DE8}") = "CTestDashboardTargets", "CTestDashboardTargets", "{1B0CA01A-E121-312C-8382-761C6B7B8EAA}"
EndProject
Project("{2150E333-8FDC-42A3-9474-1A3956D46DE8}") = "ext", "ext", "{D1F2458C-76EA-3E21-A398-7396AFDD2426}"
EndProject
Project("{8BC9CEB8-8B4A-11D0-8D11-00A0C91BC942}") = "ALL_BUILD", "ALL_BUILD.vcxproj", "{92126F18-CAC8-3395-88B8-4104E32A55E3}"
	ProjectSection(ProjectDependencies) = postProject
		{BF730BCD-E33F-3FEA-A23E-1F2E2091B6D0} = {BF730BCD-E33F-3FEA-A23E-1F2E2091B6D0}
		{34415889-4B66-35BA-B484-AE403FF17BAF} = {34415889-4B66-35BA-B484-AE403FF17BAF}
		{47FED818-2E95-323B-87D1-CCD9522CAF1E} = {47FED818-2E95-323B-87D1-CCD9522CAF1E}
		{A574E43D-EDB7-36B4-9FC6-C574E3961BBD} = {A574E43D-EDB7-36B4-9FC6-C574E3961BBD}
		{0D5DAC65-5E43-3489-9A87-4B7CB9D6658E} = {0D5DAC65-5E43-3489-9A87-4B7CB9D6658E}
		{F315BAAC-D951-32DF-B3A9-D6651AB0C73B} = {F315BAAC-D951-32DF-B3A9-D6651AB0C73B}
		{E0325D57-8142-3118-819D-2C99FB01DEA4} = {E0325D57-8142-3118-819D-2C99FB01DEA4}
		{ABB766C3-F541-344A-86F6-C9BF809DFF00} = {ABB766C3-F541-344A-86F6-C9BF809DFF00}
		{DB4E3506-6E51-3DDC-958D-878C37D6F248} = {DB4E3506-6E51-3DDC-958D-878C37D6F248}
		{1DAB146B-19EB-34D3-B559-2E9F509FBBA2} = {1DAB146B-19EB-34D3-B559-2E9F509FBBA2}
		{A3E46297-DB4B-37F5-944D-47C80FCE8B03} = {A3E46297-DB4B-37F5-944D-47C80FCE8B03}
		{D033465B-07C3-3BC9-8B13-56FCDCF8E4A8} = {D033465B-07C3-3BC9-8B13-56FCDCF8E4A8}
		{4BC226CB-A03F-35F7-BB3E-F10208F436F3} = {4BC226CB-A03F-35F7-BB3E-F10208F436F3}
		{D7CD5E2D-088C-356C-85E0-40055AD5EEB4} = {D7CD5E2D-088C-356C-85E0-40055AD5EEB4}
		{D55BC088-15C4-343B-A296-18AF7175AC9D} = {D55BC088-15C4-343B-A296-18AF7175AC9D}
		{48DC525A-6F03-38B7-A291-D308B0A76250} = {48DC525A-6F03-38B7-A291-D308B0A76250}
		{01126DC9-2B20-31E3-A4B0-F021A69563D7} = {01126DC9-2B20-31E3-A4B0-F021A69563D7}
		{F56B28A4-A0A3-3580-B252-1329DC457703} = {F56B28A4-A0A3-3580-B252-1329DC457703}
		{A8214AF7-83FD-3557-BE20-D94D7666EF3E} = {A8214AF7-83FD-3557-BE20-D94D7666EF3E}
		{5A830CBC-9D0B-337E-B38A-06A5F8DDBF51} = {5A830CBC-9D0B-337E-B38A-06A5F8DDBF51}
		{27E56D46-3EEB-3347-A05D-1AA08BDDD2D4} = {27E56D46-3EEB-3347-A05D-1AA08BDDD2D4}
		{552D1ED0-4927-3DC1-8C3F-8BF56AD721BA} = {552D1ED0-4927-3DC1-8C3F-8BF56AD721BA}
		{D5AC68F9-3F5A-3176-8D7D-D21F574EAC23} = {D5AC68F9-3F5A-3176-8D7D-D21F574EAC23}
		{8548D527-DCE5-3773-A66A-3AEF9B2E859D} = {8548D527-DCE5-3773-A66A-3AEF9B2E859D}
		{81B9614C-C141-39E3-94C1-40007CF2CF93} = {81B9614C-C141-39E3-94C1-40007CF2CF93}
		{FD491DD2-945F-34E5-98B8-7370E21C9D53} = {FD491DD2-945F-34E5-98B8-7370E21C9D53}
		{F5439B57-683A-3687-B349-10ADF93E617A} = {F5439B57-683A-3687-B349-10ADF93E617A}
		{F7FC1975-59B3-383D-B3CA-80AF319E7915} = {F7FC1975-59B3-383D-B3CA-80AF319E7915}
		{A887765F-5386-3D63-B951-1EFDEA56D432} = {A887765F-5386-3D63-B951-1EFDEA56D432}
		{D0E77A3B-6E53-353E-A844-B04BADB3C8DA} = {D0E77A3B-6E53-353E-A844-B04BADB3C8DA}
		{9E8FD63C-B2FF-332E-BE2F-A795FE00A274} = {9E8FD63C-B2FF-332E-BE2F-A795FE00A274}
	EndProjectSection
EndProject
Project("{8BC9CEB8-8B4A-11D0-8D11-00A0C91BC942}") = "Continuous", "src\ext\ptex\Continuous.vcxproj", "{4A0B195F-CB4F-3FAC-9A8A-70FD279CA202}"
	ProjectSection(ProjectDependencies) = postProject
		{DB4E3506-6E51-3DDC-958D-878C37D6F248} = {DB4E3506-6E51-3DDC-958D-878C37D6F248}
	EndProjectSection
EndProject
Project("{8BC9CEB8-8B4A-11D0-8D11-00A0C91BC942}") = "CopyIlmBaseLibs", "src\ext\openexr\CopyIlmBaseLibs.vcxproj", "{F0C2652D-FA41-3FE6-8BDE-9A6FDB337F8A}"
	ProjectSection(ProjectDependencies) = postProject
		{BF730BCD-E33F-3FEA-A23E-1F2E2091B6D0} = {BF730BCD-E33F-3FEA-A23E-1F2E2091B6D0}
		{34415889-4B66-35BA-B484-AE403FF17BAF} = {34415889-4B66-35BA-B484-AE403FF17BAF}
		{F315BAAC-D951-32DF-B3A9-D6651AB0C73B} = {F315BAAC-D951-32DF-B3A9-D6651AB0C73B}
		{E0325D57-8142-3118-819D-2C99FB01DEA4} = {E0325D57-8142-3118-819D-2C99FB01DEA4}
		{DB4E3506-6E51-3DDC-958D-878C37D6F248} = {DB4E3506-6E51-3DDC-958D-878C37D6F248}
	EndProjectSection
EndProject
Project("{8BC9CEB8-8B4A-11D0-8D11-00A0C91BC942}") = "Experimental", "src\ext\ptex\Experimental.vcxproj", "{A3EEF365-D10B-31D5-AC1C-B562A33DE47B}"
	ProjectSection(ProjectDependencies) = postProject
		{DB4E3506-6E51-3DDC-958D-878C37D6F248} = {DB4E3506-6E51-3DDC-958D-878C37D6F248}
	EndProjectSection
EndProject
Project("{8BC9CEB8-8B4A-11D0-8D11-00A0C91BC942}") = "Half", "src\ext\openexr\IlmBase\Half\Half.vcxproj", "{BF730BCD-E33F-3FEA-A23E-1F2E2091B6D0}"
	ProjectSection(ProjectDependencies) = postProject
		{DB4E3506-6E51-3DDC-958D-878C37D6F248} = {DB4E3506-6E51-3DDC-958D-878C37D6F248}
		{D55BC088-15C4-343B-A296-18AF7175AC9D} = {D55BC088-15C4-343B-A296-18AF7175AC9D}
		{F7FC1975-59B3-383D-B3CA-80AF319E7915} = {F7FC1975-59B3-383D-B3CA-80AF319E7915}
	EndProjectSection
EndProject
Project("{8BC9CEB8-8B4A-11D0-8D11-00A0C91BC942}") = "INSTALL", "INSTALL.vcxproj", "{EBAD491E-6D09-3DE1-B2E2-0F4339B03C39}"
	ProjectSection(ProjectDependencies) = postProject
		{92126F18-CAC8-3395-88B8-4104E32A55E3} = {92126F18-CAC8-3395-88B8-4104E32A55E3}
		{DB4E3506-6E51-3DDC-958D-878C37D6F248} = {DB4E3506-6E51-3DDC-958D-878C37D6F248}
	EndProjectSection
EndProject
Project("{8BC9CEB8-8B4A-11D0-8D11-00A0C91BC942}") = "Iex", "src\ext\openexr\IlmBase\Iex\Iex.vcxproj", "{34415889-4B66-35BA-B484-AE403FF17BAF}"
	ProjectSection(ProjectDependencies) = postProject
		{DB4E3506-6E51-3DDC-958D-878C37D6F248} = {DB4E3506-6E51-3DDC-958D-878C37D6F248}
	EndProjectSection
EndProject
Project("{8BC9CEB8-8B4A-11D0-8D11-00A0C91BC942}") = "IexMath", "src\ext\openexr\IlmBase\IexMath\IexMath.vcxproj", "{47FED818-2E95-323B-87D1-CCD9522CAF1E}"
	ProjectSection(ProjectDependencies) = postProject
		{34415889-4B66-35BA-B484-AE403FF17BAF} = {34415889-4B66-35BA-B484-AE403FF17BAF}
		{DB4E3506-6E51-3DDC-958D-878C37D6F248} = {DB4E3506-6E51-3DDC-958D-878C37D6F248}
	EndProjectSection
EndProject
Project("{8BC9CEB8-8B4A-11D0-8D11-00A0C91BC942}") = "IlmImf", "src\ext\openexr\OpenEXR\IlmImf\IlmImf.vcxproj", "{A574E43D-EDB7-36B4-9FC6-C574E3961BBD}"
	ProjectSection(ProjectDependencies) = postProject
		{BF730BCD-E33F-3FEA-A23E-1F2E2091B6D0} = {BF730BCD-E33F-3FEA-A23E-1F2E2091B6D0}
		{34415889-4B66-35BA-B484-AE403FF17BAF} = {34415889-4B66-35BA-B484-AE403FF17BAF}
		{0D5DAC65-5E43-3489-9A87-4B7CB9D6658E} = {0D5DAC65-5E43-3489-9A87-4B7CB9D6658E}
		{F315BAAC-D951-32DF-B3A9-D6651AB0C73B} = {F315BAAC-D951-32DF-B3A9-D6651AB0C73B}
		{E0325D57-8142-3118-819D-2C99FB01DEA4} = {E0325D57-8142-3118-819D-2C99FB01DEA4}
		{DB4E3506-6E51-3DDC-958D-878C37D6F248} = {DB4E3506-6E51-3DDC-958D-878C37D6F248}
		{1DAB146B-19EB-34D3-B559-2E9F509FBBA2} = {1DAB146B-19EB-34D3-B559-2E9F509FBBA2}
		{D7CD5E2D-088C-356C-85E0-40055AD5EEB4} = {D7CD5E2D-088C-356C-85E0-40055AD5EEB4}
		{9E8FD63C-B2FF-332E-BE2F-A795FE00A274} = {9E8FD63C-B2FF-332E-BE2F-A795FE00A274}
	EndProjectSection
EndProject
Project("{8BC9CEB8-8B4A-11D0-8D11-00A0C91BC942}") = "IlmImf-obj", "src\ext\openexr\OpenEXR\IlmImf\IlmImf-obj.vcxproj", "{0D5DAC65-5E43-3489-9A87-4B7CB9D6658E}"
	ProjectSection(ProjectDependencies) = postProject
		{DB4E3506-6E51-3DDC-958D-878C37D6F248} = {DB4E3506-6E51-3DDC-958D-878C37D6F248}
	EndProjectSection
EndProject
Project("{8BC9CEB8-8B4A-11D0-8D11-00A0C91BC942}") = "IlmThread", "src\ext\openexr\IlmBase\IlmThread\IlmThread.vcxproj", "{F315BAAC-D951-32DF-B3A9-D6651AB0C73B}"
	ProjectSection(ProjectDependencies) = postProject
		{34415889-4B66-35BA-B484-AE403FF17BAF} = {34415889-4B66-35BA-B484-AE403FF17BAF}
		{DB4E3506-6E51-3DDC-958D-878C37D6F248} = {DB4E3506-6E51-3DDC-958D-878C37D6F248}
	EndProjectSection
EndProject
Project("{8BC9CEB8-8B4A-11D0-8D11-00A0C91BC942}") = "Imath", "src\ext\openexr\IlmBase\Imath\Imath.vcxproj", "{E0325D57-8142-3118-819D-2C99FB01DEA4}"
	ProjectSection(ProjectDependencies) = postProject
		{34415889-4B66-35BA-B484-AE403FF17BAF} = {34415889-4B66-35BA-B484-AE403FF17BAF}
		{DB4E3506-6E51-3DDC-958D-878C37D6F248} = {DB4E3506-6E51-3DDC-958D-878C37D6F248}
	EndProjectSection
EndProject
Project("{8BC9CEB8-8B4A-11D0-8D11-00A0C91BC942}") = "Nightly", "src\ext\ptex\Nightly.vcxproj", "{07F79B31-D2F4-320F-9AF7-B783344A1262}"
	ProjectSection(ProjectDependencies) = postProject
		{DB4E3506-6E51-3DDC-958D-878C37D6F248} = {DB4E3506-6E51-3DDC-958D-878C37D6F248}
	EndProjectSection
EndProject
Project("{8BC9CEB8-8B4A-11D0-8D11-00A0C91BC942}") = "NightlyMemoryCheck", "src\ext\ptex\NightlyMemoryCheck.vcxproj", "{32920450-F7B9-3777-AD59-C4C8D680EE89}"
	ProjectSection(ProjectDependencies) = postProject
		{DB4E3506-6E51-3DDC-958D-878C37D6F248} = {DB4E3506-6E51-3DDC-958D-878C37D6F248}
	EndProjectSection
EndProject
Project("{8BC9CEB8-8B4A-11D0-8D11-00A0C91BC942}") = "PACKAGE", "PACKAGE.vcxproj", "{38F1D08A-A844-3300-8425-C536D7E288E5}"
	ProjectSection(ProjectDependencies) = postProject
		{92126F18-CAC8-3395-88B8-4104E32A55E3} = {92126F18-CAC8-3395-88B8-4104E32A55E3}
		{DB4E3506-6E51-3DDC-958D-878C37D6F248} = {DB4E3506-6E51-3DDC-958D-878C37D6F248}
	EndProjectSection
EndProject
Project("{8BC9CEB8-8B4A-11D0-8D11-00A0C91BC942}") = "Ptex_static", "src\ext\ptex\src\ptex\Ptex_static.vcxproj", "{ABB766C3-F541-344A-86F6-C9BF809DFF00}"
	ProjectSection(ProjectDependencies) = postProject
		{DB4E3506-6E51-3DDC-958D-878C37D6F248} = {DB4E3506-6E51-3DDC-958D-878C37D6F248}
		{9E8FD63C-B2FF-332E-BE2F-A795FE00A274} = {9E8FD63C-B2FF-332E-BE2F-A795FE00A274}
	EndProjectSection
EndProject
Project("{8BC9CEB8-8B4A-11D0-8D11-00A0C91BC942}") = "RUN_TESTS", "RUN_TESTS.vcxproj", "{386CB288-C699-3603-A6EC-E819A963C917}"
	ProjectSection(ProjectDependencies) = postProject
		{DB4E3506-6E51-3DDC-958D-878C37D6F248} = {DB4E3506-6E51-3DDC-958D-878C37D6F248}
	EndProjectSection
EndProject
Project("{8BC9CEB8-8B4A-11D0-8D11-00A0C91BC942}") = "ZERO_CHECK", "ZERO_CHECK.vcxproj", "{DB4E3506-6E51-3DDC-958D-878C37D6F248}"
	ProjectSection(ProjectDependencies) = postProject
	EndProjectSection
EndProject
Project("{8BC9CEB8-8B4A-11D0-8D11-00A0C91BC942}") = "b44ExpLogTable", "src\ext\openexr\OpenEXR\IlmImf\b44ExpLogTable.vcxproj", "{1DAB146B-19EB-34D3-B559-2E9F509FBBA2}"
	ProjectSection(ProjectDependencies) = postProject
		{F0C2652D-FA41-3FE6-8BDE-9A6FDB337F8A} = {F0C2652D-FA41-3FE6-8BDE-9A6FDB337F8A}
		{BF730BCD-E33F-3FEA-A23E-1F2E2091B6D0} = {BF730BCD-E33F-3FEA-A23E-1F2E2091B6D0}
		{34415889-4B66-35BA-B484-AE403FF17BAF} = {34415889-4B66-35BA-B484-AE403FF17BAF}
		{F315BAAC-D951-32DF-B3A9-D6651AB0C73B} = {F315BAAC-D951-32DF-B3A9-D6651AB0C73B}
		{DB4E3506-6E51-3DDC-958D-878C37D6F248} = {DB4E3506-6E51-3DDC-958D-878C37D6F248}
	EndProjectSection
EndProject
Project("{8BC9CEB8-8B4A-11D0-8D11-00A0C91BC942}") = "bsdftest", "bsdftest.vcxproj", "{A3E46297-DB4B-37F5-944D-47C80FCE8B03}"
	ProjectSection(ProjectDependencies) = postProject
		{BF730BCD-E33F-3FEA-A23E-1F2E2091B6D0} = {BF730BCD-E33F-3FEA-A23E-1F2E2091B6D0}
		{34415889-4B66-35BA-B484-AE403FF17BAF} = {34415889-4B66-35BA-B484-AE403FF17BAF}
		{A574E43D-EDB7-36B4-9FC6-C574E3961BBD} = {A574E43D-EDB7-36B4-9FC6-C574E3961BBD}
		{F315BAAC-D951-32DF-B3A9-D6651AB0C73B} = {F315BAAC-D951-32DF-B3A9-D6651AB0C73B}
		{E0325D57-8142-3118-819D-2C99FB01DEA4} = {E0325D57-8142-3118-819D-2C99FB01DEA4}
		{ABB766C3-F541-344A-86F6-C9BF809DFF00} = {ABB766C3-F541-344A-86F6-C9BF809DFF00}
		{DB4E3506-6E51-3DDC-958D-878C37D6F248} = {DB4E3506-6E51-3DDC-958D-878C37D6F248}
		{01126DC9-2B20-31E3-A4B0-F021A69563D7} = {01126DC9-2B20-31E3-A4B0-F021A69563D7}
		{552D1ED0-4927-3DC1-8C3F-8BF56AD721BA} = {552D1ED0-4927-3DC1-8C3F-8BF56AD721BA}
		{9E8FD63C-B2FF-332E-BE2F-A795FE00A274} = {9E8FD63C-B2FF-332E-BE2F-A795FE00A274}
	EndProjectSection
EndProject
Project("{8BC9CEB8-8B4A-11D0-8D11-00A0C91BC942}") = "cyhair2pbrt", "cyhair2pbrt.vcxproj", "{D033465B-07C3-3BC9-8B13-56FCDCF8E4A8}"
	ProjectSection(ProjectDependencies) = postProject
		{DB4E3506-6E51-3DDC-958D-878C37D6F248} = {DB4E3506-6E51-3DDC-958D-878C37D6F248}
	EndProjectSection
EndProject
Project("{8BC9CEB8-8B4A-11D0-8D11-00A0C91BC942}") = "demangle_unittest", "src\ext\glog\demangle_unittest.vcxproj", "{4BC226CB-A03F-35F7-BB3E-F10208F436F3}"
	ProjectSection(ProjectDependencies) = postProject
		{DB4E3506-6E51-3DDC-958D-878C37D6F248} = {DB4E3506-6E51-3DDC-958D-878C37D6F248}
		{01126DC9-2B20-31E3-A4B0-F021A69563D7} = {01126DC9-2B20-31E3-A4B0-F021A69563D7}
	EndProjectSection
EndProject
Project("{8BC9CEB8-8B4A-11D0-8D11-00A0C91BC942}") = "dwaLookups", "src\ext\openexr\OpenEXR\IlmImf\dwaLookups.vcxproj", "{D7CD5E2D-088C-356C-85E0-40055AD5EEB4}"
	ProjectSection(ProjectDependencies) = postProject
		{F0C2652D-FA41-3FE6-8BDE-9A6FDB337F8A} = {F0C2652D-FA41-3FE6-8BDE-9A6FDB337F8A}
		{BF730BCD-E33F-3FEA-A23E-1F2E2091B6D0} = {BF730BCD-E33F-3FEA-A23E-1F2E2091B6D0}
		{34415889-4B66-35BA-B484-AE403FF17BAF} = {34415889-4B66-35BA-B484-AE403FF17BAF}
		{F315BAAC-D951-32DF-B3A9-D6651AB0C73B} = {F315BAAC-D951-32DF-B3A9-D6651AB0C73B}
		{DB4E3506-6E51-3DDC-958D-878C37D6F248} = {DB4E3506-6E51-3DDC-958D-878C37D6F248}
	EndProjectSection
EndProject
Project("{8BC9CEB8-8B4A-11D0-8D11-00A0C91BC942}") = "eLut", "src\ext\openexr\IlmBase\Half\eLut.vcxproj", "{D55BC088-15C4-343B-A296-18AF7175AC9D}"
	ProjectSection(ProjectDependencies) = postProject
		{DB4E3506-6E51-3DDC-958D-878C37D6F248} = {DB4E3506-6E51-3DDC-958D-878C37D6F248}
	EndProjectSection
EndProject
Project("{8BC9CEB8-8B4A-11D0-8D11-00A0C91BC942}") = "ftest", "src\ext\ptex\src\tests\ftest.vcxproj", "{48DC525A-6F03-38B7-A291-D308B0A76250}"
	ProjectSection(ProjectDependencies) = postProject
		{ABB766C3-F541-344A-86F6-C9BF809DFF00} = {ABB766C3-F541-344A-86F6-C9BF809DFF00}
		{DB4E3506-6E51-3DDC-958D-878C37D6F248} = {DB4E3506-6E51-3DDC-958D-878C37D6F248}
		{9E8FD63C-B2FF-332E-BE2F-A795FE00A274} = {9E8FD63C-B2FF-332E-BE2F-A795FE00A274}
	EndProjectSection
EndProject
Project("{8BC9CEB8-8B4A-11D0-8D11-00A0C91BC942}") = "glog", "src\ext\glog\glog.vcxproj", "{01126DC9-2B20-31E3-A4B0-F021A69563D7}"
	ProjectSection(ProjectDependencies) = postProject
		{DB4E3506-6E51-3DDC-958D-878C37D6F248} = {DB4E3506-6E51-3DDC-958D-878C37D6F248}
	EndProjectSection
EndProject
Project("{8BC9CEB8-8B4A-11D0-8D11-00A0C91BC942}") = "halftest", "src\ext\ptex\src\tests\halftest.vcxproj", "{F56B28A4-A0A3-3580-B252-1329DC457703}"
	ProjectSection(ProjectDependencies) = postProject
		{ABB766C3-F541-344A-86F6-C9BF809DFF00} = {ABB766C3-F541-344A-86F6-C9BF809DFF00}
		{DB4E3506-6E51-3DDC-958D-878C37D6F248} = {DB4E3506-6E51-3DDC-958D-878C37D6F248}
		{9E8FD63C-B2FF-332E-BE2F-A795FE00A274} = {9E8FD63C-B2FF-332E-BE2F-A795FE00A274}
	EndProjectSection
EndProject
Project("{8BC9CEB8-8B4A-11D0-8D11-00A0C91BC942}") = "imgtool", "imgtool.vcxproj", "{A8214AF7-83FD-3557-BE20-D94D7666EF3E}"
	ProjectSection(ProjectDependencies) = postProject
		{BF730BCD-E33F-3FEA-A23E-1F2E2091B6D0} = {BF730BCD-E33F-3FEA-A23E-1F2E2091B6D0}
		{34415889-4B66-35BA-B484-AE403FF17BAF} = {34415889-4B66-35BA-B484-AE403FF17BAF}
		{A574E43D-EDB7-36B4-9FC6-C574E3961BBD} = {A574E43D-EDB7-36B4-9FC6-C574E3961BBD}
		{F315BAAC-D951-32DF-B3A9-D6651AB0C73B} = {F315BAAC-D951-32DF-B3A9-D6651AB0C73B}
		{E0325D57-8142-3118-819D-2C99FB01DEA4} = {E0325D57-8142-3118-819D-2C99FB01DEA4}
		{ABB766C3-F541-344A-86F6-C9BF809DFF00} = {ABB766C3-F541-344A-86F6-C9BF809DFF00}
		{DB4E3506-6E51-3DDC-958D-878C37D6F248} = {DB4E3506-6E51-3DDC-958D-878C37D6F248}
		{01126DC9-2B20-31E3-A4B0-F021A69563D7} = {01126DC9-2B20-31E3-A4B0-F021A69563D7}
		{552D1ED0-4927-3DC1-8C3F-8BF56AD721BA} = {552D1ED0-4927-3DC1-8C3F-8BF56AD721BA}
		{9E8FD63C-B2FF-332E-BE2F-A795FE00A274} = {9E8FD63C-B2FF-332E-BE2F-A795FE00A274}
	EndProjectSection
EndProject
Project("{8BC9CEB8-8B4A-11D0-8D11-00A0C91BC942}") = "logging_unittest", "src\ext\glog\logging_unittest.vcxproj", "{5A830CBC-9D0B-337E-B38A-06A5F8DDBF51}"
	ProjectSection(ProjectDependencies) = postProject
		{DB4E3506-6E51-3DDC-958D-878C37D6F248} = {DB4E3506-6E51-3DDC-958D-878C37D6F248}
		{01126DC9-2B20-31E3-A4B0-F021A69563D7} = {01126DC9-2B20-31E3-A4B0-F021A69563D7}
	EndProjectSection
EndProject
Project("{8BC9CEB8-8B4A-11D0-8D11-00A0C91BC942}") = "obj2pbrt", "obj2pbrt.vcxproj", "{27E56D46-3EEB-3347-A05D-1AA08BDDD2D4}"
	ProjectSection(ProjectDependencies) = postProject
		{DB4E3506-6E51-3DDC-958D-878C37D6F248} = {DB4E3506-6E51-3DDC-958D-878C37D6F248}
	EndProjectSection
EndProject
Project("{8BC9CEB8-8B4A-11D0-8D11-00A0C91BC942}") = "pbrt", "pbrt.vcxproj", "{552D1ED0-4927-3DC1-8C3F-8BF56AD721BA}"
	ProjectSection(ProjectDependencies) = postProject
		{DB4E3506-6E51-3DDC-958D-878C37D6F248} = {DB4E3506-6E51-3DDC-958D-878C37D6F248}
	EndProjectSection
EndProject
Project("{8BC9CEB8-8B4A-11D0-8D11-00A0C91BC942}") = "pbrt_exe", "pbrt_exe.vcxproj", "{D5AC68F9-3F5A-3176-8D7D-D21F574EAC23}"
	ProjectSection(ProjectDependencies) = postProject
		{BF730BCD-E33F-3FEA-A23E-1F2E2091B6D0} = {BF730BCD-E33F-3FEA-A23E-1F2E2091B6D0}
		{34415889-4B66-35BA-B484-AE403FF17BAF} = {34415889-4B66-35BA-B484-AE403FF17BAF}
		{A574E43D-EDB7-36B4-9FC6-C574E3961BBD} = {A574E43D-EDB7-36B4-9FC6-C574E3961BBD}
		{F315BAAC-D951-32DF-B3A9-D6651AB0C73B} = {F315BAAC-D951-32DF-B3A9-D6651AB0C73B}
		{E0325D57-8142-3118-819D-2C99FB01DEA4} = {E0325D57-8142-3118-819D-2C99FB01DEA4}
		{ABB766C3-F541-344A-86F6-C9BF809DFF00} = {ABB766C3-F541-344A-86F6-C9BF809DFF00}
		{DB4E3506-6E51-3DDC-958D-878C37D6F248} = {DB4E3506-6E51-3DDC-958D-878C37D6F248}
		{01126DC9-2B20-31E3-A4B0-F021A69563D7} = {01126DC9-2B20-31E3-A4B0-F021A69563D7}
		{552D1ED0-4927-3DC1-8C3F-8BF56AD721BA} = {552D1ED0-4927-3DC1-8C3F-8BF56AD721BA}
		{9E8FD63C-B2FF-332E-BE2F-A795FE00A274} = {9E8FD63C-B2FF-332E-BE2F-A795FE00A274}
	EndProjectSection
EndProject
Project("{8BC9CEB8-8B4A-11D0-8D11-00A0C91BC942}") = "pbrt_test", "pbrt_test.vcxproj", "{8548D527-DCE5-3773-A66A-3AEF9B2E859D}"
	ProjectSection(ProjectDependencies) = postProject
		{BF730BCD-E33F-3FEA-A23E-1F2E2091B6D0} = {BF730BCD-E33F-3FEA-A23E-1F2E2091B6D0}
		{34415889-4B66-35BA-B484-AE403FF17BAF} = {34415889-4B66-35BA-B484-AE403FF17BAF}
		{A574E43D-EDB7-36B4-9FC6-C574E3961BBD} = {A574E43D-EDB7-36B4-9FC6-C574E3961BBD}
		{F315BAAC-D951-32DF-B3A9-D6651AB0C73B} = {F315BAAC-D951-32DF-B3A9-D6651AB0C73B}
		{E0325D57-8142-3118-819D-2C99FB01DEA4} = {E0325D57-8142-3118-819D-2C99FB01DEA4}
		{ABB766C3-F541-344A-86F6-C9BF809DFF00} = {ABB766C3-F541-344A-86F6-C9BF809DFF00}
		{DB4E3506-6E51-3DDC-958D-878C37D6F248} = {DB4E3506-6E51-3DDC-958D-878C37D6F248}
		{01126DC9-2B20-31E3-A4B0-F021A69563D7} = {01126DC9-2B20-31E3-A4B0-F021A69563D7}
		{552D1ED0-4927-3DC1-8C3F-8BF56AD721BA} = {552D1ED0-4927-3DC1-8C3F-8BF56AD721BA}
		{9E8FD63C-B2FF-332E-BE2F-A795FE00A274} = {9E8FD63C-B2FF-332E-BE2F-A795FE00A274}
	EndProjectSection
EndProject
Project("{8BC9CEB8-8B4A-11D0-8D11-00A0C91BC942}") = "ptxinfo", "src\ext\ptex\src\utils\ptxinfo.vcxproj", "{81B9614C-C141-39E3-94C1-40007CF2CF93}"
	ProjectSection(ProjectDependencies) = postProject
		{ABB766C3-F541-344A-86F6-C9BF809DFF00} = {ABB766C3-F541-344A-86F6-C9BF809DFF00}
		{DB4E3506-6E51-3DDC-958D-878C37D6F248} = {DB4E3506-6E51-3DDC-958D-878C37D6F248}
		{9E8FD63C-B2FF-332E-BE2F-A795FE00A274} = {9E8FD63C-B2FF-332E-BE2F-A795FE00A274}
	EndProjectSection
EndProject
Project("{8BC9CEB8-8B4A-11D0-8D11-00A0C91BC942}") = "rtest", "src\ext\ptex\src\tests\rtest.vcxproj", "{FD491DD2-945F-34E5-98B8-7370E21C9D53}"
	ProjectSection(ProjectDependencies) = postProject
		{ABB766C3-F541-344A-86F6-C9BF809DFF00} = {ABB766C3-F541-344A-86F6-C9BF809DFF00}
		{DB4E3506-6E51-3DDC-958D-878C37D6F248} = {DB4E3506-6E51-3DDC-958D-878C37D6F248}
		{9E8FD63C-B2FF-332E-BE2F-A795FE00A274} = {9E8FD63C-B2FF-332E-BE2F-A795FE00A274}
	EndProjectSection
EndProject
Project("{8BC9CEB8-8B4A-11D0-8D11-00A0C91BC942}") = "stl_logging_unittest", "src\ext\glog\stl_logging_unittest.vcxproj", "{F5439B57-683A-3687-B349-10ADF93E617A}"
	ProjectSection(ProjectDependencies) = postProject
		{DB4E3506-6E51-3DDC-958D-878C37D6F248} = {DB4E3506-6E51-3DDC-958D-878C37D6F248}
		{01126DC9-2B20-31E3-A4B0-F021A69563D7} = {01126DC9-2B20-31E3-A4B0-F021A69563D7}
	EndProjectSection
EndProject
Project("{8BC9CEB8-8B4A-11D0-8D11-00A0C91BC942}") = "toFloat", "src\ext\openexr\IlmBase\Half\toFloat.vcxproj", "{F7FC1975-59B3-383D-B3CA-80AF319E7915}"
	ProjectSection(ProjectDependencies) = postProject
		{DB4E3506-6E51-3DDC-958D-878C37D6F248} = {DB4E3506-6E51-3DDC-958D-878C37D6F248}
	EndProjectSection
EndProject
Project("{8BC9CEB8-8B4A-11D0-8D11-00A0C91BC942}") = "utilities_unittest", "src\ext\glog\utilities_unittest.vcxproj", "{A887765F-5386-3D63-B951-1EFDEA56D432}"
	ProjectSection(ProjectDependencies) = postProject
		{DB4E3506-6E51-3DDC-958D-878C37D6F248} = {DB4E3506-6E51-3DDC-958D-878C37D6F248}
		{01126DC9-2B20-31E3-A4B0-F021A69563D7} = {01126DC9-2B20-31E3-A4B0-F021A69563D7}
	EndProjectSection
EndProject
Project("{8BC9CEB8-8B4A-11D0-8D11-00A0C91BC942}") = "wtest", "src\ext\ptex\src\tests\wtest.vcxproj", "{D0E77A3B-6E53-353E-A844-B04BADB3C8DA}"
	ProjectSection(ProjectDependencies) = postProject
		{ABB766C3-F541-344A-86F6-C9BF809DFF00} = {ABB766C3-F541-344A-86F6-C9BF809DFF00}
		{DB4E3506-6E51-3DDC-958D-878C37D6F248} = {DB4E3506-6E51-3DDC-958D-878C37D6F248}
		{9E8FD63C-B2FF-332E-BE2F-A795FE00A274} = {9E8FD63C-B2FF-332E-BE2F-A795FE00A274}
	EndProjectSection
EndProject
Project("{8BC9CEB8-8B4A-11D0-8D11-00A0C91BC942}") = "zlibstatic", "src\ext\zlib\zlibstatic.vcxproj", "{9E8FD63C-B2FF-332E-BE2F-A795FE00A274}"
	ProjectSection(ProjectDependencies) = postProject
		{DB4E3506-6E51-3DDC-958D-878C37D6F248} = {DB4E3506-6E51-3DDC-958D-878C37D6F248}
	EndProjectSection
EndProject
Global
	GlobalSection(SolutionConfigurationPlatforms) = preSolution
		Debug|x64 = Debug|x64
		Release|x64 = Release|x64
		MinSizeRel|x64 = MinSizeRel|x64
		RelWithDebInfo|x64 = RelWithDebInfo|x64
	EndGlobalSection
	GlobalSection(ProjectConfigurationPlatforms) = postSolution
		{92126F18-CAC8-3395-88B8-4104E32A55E3}.Debug|x64.ActiveCfg = Debug|x64
		{92126F18-CAC8-3395-88B8-4104E32A55E3}.Debug|x64.Build.0 = Debug|x64
		{92126F18-CAC8-3395-88B8-4104E32A55E3}.Release|x64.ActiveCfg = Release|x64
		{92126F18-CAC8-3395-88B8-4104E32A55E3}.Release|x64.Build.0 = Release|x64
		{92126F18-CAC8-3395-88B8-4104E32A55E3}.MinSizeRel|x64.ActiveCfg = MinSizeRel|x64
		{92126F18-CAC8-3395-88B8-4104E32A55E3}.MinSizeRel|x64.Build.0 = MinSizeRel|x64
		{92126F18-CAC8-3395-88B8-4104E32A55E3}.RelWithDebInfo|x64.ActiveCfg = RelWithDebInfo|x64
		{92126F18-CAC8-3395-88B8-4104E32A55E3}.RelWithDebInfo|x64.Build.0 = RelWithDebInfo|x64
		{4A0B195F-CB4F-3FAC-9A8A-70FD279CA202}.Debug|x64.ActiveCfg = Debug|x64
		{4A0B195F-CB4F-3FAC-9A8A-70FD279CA202}.Release|x64.ActiveCfg = Release|x64
		{4A0B195F-CB4F-3FAC-9A8A-70FD279CA202}.MinSizeRel|x64.ActiveCfg = MinSizeRel|x64
		{4A0B195F-CB4F-3FAC-9A8A-70FD279CA202}.RelWithDebInfo|x64.ActiveCfg = RelWithDebInfo|x64
		{F0C2652D-FA41-3FE6-8BDE-9A6FDB337F8A}.Debug|x64.ActiveCfg = Debug|x64
		{F0C2652D-FA41-3FE6-8BDE-9A6FDB337F8A}.Debug|x64.Build.0 = Debug|x64
		{F0C2652D-FA41-3FE6-8BDE-9A6FDB337F8A}.Release|x64.ActiveCfg = Release|x64
		{F0C2652D-FA41-3FE6-8BDE-9A6FDB337F8A}.Release|x64.Build.0 = Release|x64
		{F0C2652D-FA41-3FE6-8BDE-9A6FDB337F8A}.MinSizeRel|x64.ActiveCfg = MinSizeRel|x64
		{F0C2652D-FA41-3FE6-8BDE-9A6FDB337F8A}.MinSizeRel|x64.Build.0 = MinSizeRel|x64
		{F0C2652D-FA41-3FE6-8BDE-9A6FDB337F8A}.RelWithDebInfo|x64.ActiveCfg = RelWithDebInfo|x64
		{F0C2652D-FA41-3FE6-8BDE-9A6FDB337F8A}.RelWithDebInfo|x64.Build.0 = RelWithDebInfo|x64
		{A3EEF365-D10B-31D5-AC1C-B562A33DE47B}.Debug|x64.ActiveCfg = Debug|x64
		{A3EEF365-D10B-31D5-AC1C-B562A33DE47B}.Release|x64.ActiveCfg = Release|x64
		{A3EEF365-D10B-31D5-AC1C-B562A33DE47B}.MinSizeRel|x64.ActiveCfg = MinSizeRel|x64
		{A3EEF365-D10B-31D5-AC1C-B562A33DE47B}.RelWithDebInfo|x64.ActiveCfg = RelWithDebInfo|x64
		{BF730BCD-E33F-3FEA-A23E-1F2E2091B6D0}.Debug|x64.ActiveCfg = Debug|x64
		{BF730BCD-E33F-3FEA-A23E-1F2E2091B6D0}.Debug|x64.Build.0 = Debug|x64
		{BF730BCD-E33F-3FEA-A23E-1F2E2091B6D0}.Release|x64.ActiveCfg = Release|x64
		{BF730BCD-E33F-3FEA-A23E-1F2E2091B6D0}.Release|x64.Build.0 = Release|x64
		{BF730BCD-E33F-3FEA-A23E-1F2E2091B6D0}.MinSizeRel|x64.ActiveCfg = MinSizeRel|x64
		{BF730BCD-E33F-3FEA-A23E-1F2E2091B6D0}.MinSizeRel|x64.Build.0 = MinSizeRel|x64
		{BF730BCD-E33F-3FEA-A23E-1F2E2091B6D0}.RelWithDebInfo|x64.ActiveCfg = RelWithDebInfo|x64
		{BF730BCD-E33F-3FEA-A23E-1F2E2091B6D0}.RelWithDebInfo|x64.Build.0 = RelWithDebInfo|x64
		{EBAD491E-6D09-3DE1-B2E2-0F4339B03C39}.Debug|x64.ActiveCfg = Debug|x64
		{EBAD491E-6D09-3DE1-B2E2-0F4339B03C39}.Release|x64.ActiveCfg = Release|x64
		{EBAD491E-6D09-3DE1-B2E2-0F4339B03C39}.MinSizeRel|x64.ActiveCfg = MinSizeRel|x64
		{EBAD491E-6D09-3DE1-B2E2-0F4339B03C39}.RelWithDebInfo|x64.ActiveCfg = RelWithDebInfo|x64
		{34415889-4B66-35BA-B484-AE403FF17BAF}.Debug|x64.ActiveCfg = Debug|x64
		{34415889-4B66-35BA-B484-AE403FF17BAF}.Debug|x64.Build.0 = Debug|x64
		{34415889-4B66-35BA-B484-AE403FF17BAF}.Release|x64.ActiveCfg = Release|x64
		{34415889-4B66-35BA-B484-AE403FF17BAF}.Release|x64.Build.0 = Release|x64
		{34415889-4B66-35BA-B484-AE403FF17BAF}.MinSizeRel|x64.ActiveCfg = MinSizeRel|x64
		{34415889-4B66-35BA-B484-AE403FF17BAF}.MinSizeRel|x64.Build.0 = MinSizeRel|x64
		{34415889-4B66-35BA-B484-AE403FF17BAF}.RelWithDebInfo|x64.ActiveCfg = RelWithDebInfo|x64
		{34415889-4B66-35BA-B484-AE403FF17BAF}.RelWithDebInfo|x64.Build.0 = RelWithDebInfo|x64
		{47FED818-2E95-323B-87D1-CCD9522CAF1E}.Debug|x64.ActiveCfg = Debug|x64
		{47FED818-2E95-323B-87D1-CCD9522CAF1E}.Debug|x64.Build.0 = Debug|x64
		{47FED818-2E95-323B-87D1-CCD9522CAF1E}.Release|x64.ActiveCfg = Release|x64
		{47FED818-2E95-323B-87D1-CCD9522CAF1E}.Release|x64.Build.0 = Release|x64
		{47FED818-2E95-323B-87D1-CCD9522CAF1E}.MinSizeRel|x64.ActiveCfg = MinSizeRel|x64
		{47FED818-2E95-323B-87D1-CCD9522CAF1E}.MinSizeRel|x64.Build.0 = MinSizeRel|x64
		{47FED818-2E95-323B-87D1-CCD9522CAF1E}.RelWithDebInfo|x64.ActiveCfg = RelWithDebInfo|x64
		{47FED818-2E95-323B-87D1-CCD9522CAF1E}.RelWithDebInfo|x64.Build.0 = RelWithDebInfo|x64
		{A574E43D-EDB7-36B4-9FC6-C574E3961BBD}.Debug|x64.ActiveCfg = Debug|x64
		{A574E43D-EDB7-36B4-9FC6-C574E3961BBD}.Debug|x64.Build.0 = Debug|x64
		{A574E43D-EDB7-36B4-9FC6-C574E3961BBD}.Release|x64.ActiveCfg = Release|x64
		{A574E43D-EDB7-36B4-9FC6-C574E3961BBD}.Release|x64.Build.0 = Release|x64
		{A574E43D-EDB7-36B4-9FC6-C574E3961BBD}.MinSizeRel|x64.ActiveCfg = MinSizeRel|x64
		{A574E43D-EDB7-36B4-9FC6-C574E3961BBD}.MinSizeRel|x64.Build.0 = MinSizeRel|x64
		{A574E43D-EDB7-36B4-9FC6-C574E3961BBD}.RelWithDebInfo|x64.ActiveCfg = RelWithDebInfo|x64
		{A574E43D-EDB7-36B4-9FC6-C574E3961BBD}.RelWithDebInfo|x64.Build.0 = RelWithDebInfo|x64
		{0D5DAC65-5E43-3489-9A87-4B7CB9D6658E}.Debug|x64.ActiveCfg = Debug|x64
		{0D5DAC65-5E43-3489-9A87-4B7CB9D6658E}.Debug|x64.Build.0 = Debug|x64
		{0D5DAC65-5E43-3489-9A87-4B7CB9D6658E}.Release|x64.ActiveCfg = Release|x64
		{0D5DAC65-5E43-3489-9A87-4B7CB9D6658E}.Release|x64.Build.0 = Release|x64
		{0D5DAC65-5E43-3489-9A87-4B7CB9D6658E}.MinSizeRel|x64.ActiveCfg = MinSizeRel|x64
		{0D5DAC65-5E43-3489-9A87-4B7CB9D6658E}.MinSizeRel|x64.Build.0 = MinSizeRel|x64
		{0D5DAC65-5E43-3489-9A87-4B7CB9D6658E}.RelWithDebInfo|x64.ActiveCfg = RelWithDebInfo|x64
		{0D5DAC65-5E43-3489-9A87-4B7CB9D6658E}.RelWithDebInfo|x64.Build.0 = RelWithDebInfo|x64
		{F315BAAC-D951-32DF-B3A9-D6651AB0C73B}.Debug|x64.ActiveCfg = Debug|x64
		{F315BAAC-D951-32DF-B3A9-D6651AB0C73B}.Debug|x64.Build.0 = Debug|x64
		{F315BAAC-D951-32DF-B3A9-D6651AB0C73B}.Release|x64.ActiveCfg = Release|x64
		{F315BAAC-D951-32DF-B3A9-D6651AB0C73B}.Release|x64.Build.0 = Release|x64
		{F315BAAC-D951-32DF-B3A9-D6651AB0C73B}.MinSizeRel|x64.ActiveCfg = MinSizeRel|x64
		{F315BAAC-D951-32DF-B3A9-D6651AB0C73B}.MinSizeRel|x64.Build.0 = MinSizeRel|x64
		{F315BAAC-D951-32DF-B3A9-D6651AB0C73B}.RelWithDebInfo|x64.ActiveCfg = RelWithDebInfo|x64
		{F315BAAC-D951-32DF-B3A9-D6651AB0C73B}.RelWithDebInfo|x64.Build.0 = RelWithDebInfo|x64
		{E0325D57-8142-3118-819D-2C99FB01DEA4}.Debug|x64.ActiveCfg = Debug|x64
		{E0325D57-8142-3118-819D-2C99FB01DEA4}.Debug|x64.Build.0 = Debug|x64
		{E0325D57-8142-3118-819D-2C99FB01DEA4}.Release|x64.ActiveCfg = Release|x64
		{E0325D57-8142-3118-819D-2C99FB01DEA4}.Release|x64.Build.0 = Release|x64
		{E0325D57-8142-3118-819D-2C99FB01DEA4}.MinSizeRel|x64.ActiveCfg = MinSizeRel|x64
		{E0325D57-8142-3118-819D-2C99FB01DEA4}.MinSizeRel|x64.Build.0 = MinSizeRel|x64
		{E0325D57-8142-3118-819D-2C99FB01DEA4}.RelWithDebInfo|x64.ActiveCfg = RelWithDebInfo|x64
		{E0325D57-8142-3118-819D-2C99FB01DEA4}.RelWithDebInfo|x64.Build.0 = RelWithDebInfo|x64
		{07F79B31-D2F4-320F-9AF7-B783344A1262}.Debug|x64.ActiveCfg = Debug|x64
		{07F79B31-D2F4-320F-9AF7-B783344A1262}.Release|x64.ActiveCfg = Release|x64
		{07F79B31-D2F4-320F-9AF7-B783344A1262}.MinSizeRel|x64.ActiveCfg = MinSizeRel|x64
		{07F79B31-D2F4-320F-9AF7-B783344A1262}.RelWithDebInfo|x64.ActiveCfg = RelWithDebInfo|x64
		{32920450-F7B9-3777-AD59-C4C8D680EE89}.Debug|x64.ActiveCfg = Debug|x64
		{32920450-F7B9-3777-AD59-C4C8D680EE89}.Release|x64.ActiveCfg = Release|x64
		{32920450-F7B9-3777-AD59-C4C8D680EE89}.MinSizeRel|x64.ActiveCfg = MinSizeRel|x64
		{32920450-F7B9-3777-AD59-C4C8D680EE89}.RelWithDebInfo|x64.ActiveCfg = RelWithDebInfo|x64
		{38F1D08A-A844-3300-8425-C536D7E288E5}.Debug|x64.ActiveCfg = Debug|x64
		{38F1D08A-A844-3300-8425-C536D7E288E5}.Release|x64.ActiveCfg = Release|x64
		{38F1D08A-A844-3300-8425-C536D7E288E5}.MinSizeRel|x64.ActiveCfg = MinSizeRel|x64
		{38F1D08A-A844-3300-8425-C536D7E288E5}.RelWithDebInfo|x64.ActiveCfg = RelWithDebInfo|x64
		{ABB766C3-F541-344A-86F6-C9BF809DFF00}.Debug|x64.ActiveCfg = Debug|x64
		{ABB766C3-F541-344A-86F6-C9BF809DFF00}.Debug|x64.Build.0 = Debug|x64
		{ABB766C3-F541-344A-86F6-C9BF809DFF00}.Release|x64.ActiveCfg = Release|x64
		{ABB766C3-F541-344A-86F6-C9BF809DFF00}.Release|x64.Build.0 = Release|x64
		{ABB766C3-F541-344A-86F6-C9BF809DFF00}.MinSizeRel|x64.ActiveCfg = MinSizeRel|x64
		{ABB766C3-F541-344A-86F6-C9BF809DFF00}.MinSizeRel|x64.Build.0 = MinSizeRel|x64
		{ABB766C3-F541-344A-86F6-C9BF809DFF00}.RelWithDebInfo|x64.ActiveCfg = RelWithDebInfo|x64
		{ABB766C3-F541-344A-86F6-C9BF809DFF00}.RelWithDebInfo|x64.Build.0 = RelWithDebInfo|x64
		{386CB288-C699-3603-A6EC-E819A963C917}.Debug|x64.ActiveCfg = Debug|x64
		{386CB288-C699-3603-A6EC-E819A963C917}.Release|x64.ActiveCfg = Release|x64
		{386CB288-C699-3603-A6EC-E819A963C917}.MinSizeRel|x64.ActiveCfg = MinSizeRel|x64
		{386CB288-C699-3603-A6EC-E819A963C917}.RelWithDebInfo|x64.ActiveCfg = RelWithDebInfo|x64
		{DB4E3506-6E51-3DDC-958D-878C37D6F248}.Debug|x64.ActiveCfg = Debug|x64
		{DB4E3506-6E51-3DDC-958D-878C37D6F248}.Debug|x64.Build.0 = Debug|x64
		{DB4E3506-6E51-3DDC-958D-878C37D6F248}.Release|x64.ActiveCfg = Release|x64
		{DB4E3506-6E51-3DDC-958D-878C37D6F248}.Release|x64.Build.0 = Release|x64
		{DB4E3506-6E51-3DDC-958D-878C37D6F248}.MinSizeRel|x64.ActiveCfg = MinSizeRel|x64
		{DB4E3506-6E51-3DDC-958D-878C37D6F248}.MinSizeRel|x64.Build.0 = MinSizeRel|x64
		{DB4E3506-6E51-3DDC-958D-878C37D6F248}.RelWithDebInfo|x64.ActiveCfg = RelWithDebInfo|x64
		{DB4E3506-6E51-3DDC-958D-878C37D6F248}.RelWithDebInfo|x64.Build.0 = RelWithDebInfo|x64
		{1DAB146B-19EB-34D3-B559-2E9F509FBBA2}.Debug|x64.ActiveCfg = Debug|x64
		{1DAB146B-19EB-34D3-B559-2E9F509FBBA2}.Debug|x64.Build.0 = Debug|x64
		{1DAB146B-19EB-34D3-B559-2E9F509FBBA2}.Release|x64.ActiveCfg = Release|x64
		{1DAB146B-19EB-34D3-B559-2E9F509FBBA2}.Release|x64.Build.0 = Release|x64
		{1DAB146B-19EB-34D3-B559-2E9F509FBBA2}.MinSizeRel|x64.ActiveCfg = MinSizeRel|x64
		{1DAB146B-19EB-34D3-B559-2E9F509FBBA2}.MinSizeRel|x64.Build.0 = MinSizeRel|x64
		{1DAB146B-19EB-34D3-B559-2E9F509FBBA2}.RelWithDebInfo|x64.ActiveCfg = RelWithDebInfo|x64
		{1DAB146B-19EB-34D3-B559-2E9F509FBBA2}.RelWithDebInfo|x64.Build.0 = RelWithDebInfo|x64
		{A3E46297-DB4B-37F5-944D-47C80FCE8B03}.Debug|x64.ActiveCfg = Debug|x64
		{A3E46297-DB4B-37F5-944D-47C80FCE8B03}.Debug|x64.Build.0 = Debug|x64
		{A3E46297-DB4B-37F5-944D-47C80FCE8B03}.Release|x64.ActiveCfg = Release|x64
		{A3E46297-DB4B-37F5-944D-47C80FCE8B03}.Release|x64.Build.0 = Release|x64
		{A3E46297-DB4B-37F5-944D-47C80FCE8B03}.MinSizeRel|x64.ActiveCfg = MinSizeRel|x64
		{A3E46297-DB4B-37F5-944D-47C80FCE8B03}.MinSizeRel|x64.Build.0 = MinSizeRel|x64
		{A3E46297-DB4B-37F5-944D-47C80FCE8B03}.RelWithDebInfo|x64.ActiveCfg = RelWithDebInfo|x64
		{A3E46297-DB4B-37F5-944D-47C80FCE8B03}.RelWithDebInfo|x64.Build.0 = RelWithDebInfo|x64
		{D033465B-07C3-3BC9-8B13-56FCDCF8E4A8}.Debug|x64.ActiveCfg = Debug|x64
		{D033465B-07C3-3BC9-8B13-56FCDCF8E4A8}.Debug|x64.Build.0 = Debug|x64
		{D033465B-07C3-3BC9-8B13-56FCDCF8E4A8}.Release|x64.ActiveCfg = Release|x64
		{D033465B-07C3-3BC9-8B13-56FCDCF8E4A8}.Release|x64.Build.0 = Release|x64
		{D033465B-07C3-3BC9-8B13-56FCDCF8E4A8}.MinSizeRel|x64.ActiveCfg = MinSizeRel|x64
		{D033465B-07C3-3BC9-8B13-56FCDCF8E4A8}.MinSizeRel|x64.Build.0 = MinSizeRel|x64
		{D033465B-07C3-3BC9-8B13-56FCDCF8E4A8}.RelWithDebInfo|x64.ActiveCfg = RelWithDebInfo|x64
		{D033465B-07C3-3BC9-8B13-56FCDCF8E4A8}.RelWithDebInfo|x64.Build.0 = RelWithDebInfo|x64
		{4BC226CB-A03F-35F7-BB3E-F10208F436F3}.Debug|x64.ActiveCfg = Debug|x64
		{4BC226CB-A03F-35F7-BB3E-F10208F436F3}.Debug|x64.Build.0 = Debug|x64
		{4BC226CB-A03F-35F7-BB3E-F10208F436F3}.Release|x64.ActiveCfg = Release|x64
		{4BC226CB-A03F-35F7-BB3E-F10208F436F3}.Release|x64.Build.0 = Release|x64
		{4BC226CB-A03F-35F7-BB3E-F10208F436F3}.MinSizeRel|x64.ActiveCfg = MinSizeRel|x64
		{4BC226CB-A03F-35F7-BB3E-F10208F436F3}.MinSizeRel|x64.Build.0 = MinSizeRel|x64
		{4BC226CB-A03F-35F7-BB3E-F10208F436F3}.RelWithDebInfo|x64.ActiveCfg = RelWithDebInfo|x64
		{4BC226CB-A03F-35F7-BB3E-F10208F436F3}.RelWithDebInfo|x64.Build.0 = RelWithDebInfo|x64
		{D7CD5E2D-088C-356C-85E0-40055AD5EEB4}.Debug|x64.ActiveCfg = Debug|x64
		{D7CD5E2D-088C-356C-85E0-40055AD5EEB4}.Debug|x64.Build.0 = Debug|x64
		{D7CD5E2D-088C-356C-85E0-40055AD5EEB4}.Release|x64.ActiveCfg = Release|x64
		{D7CD5E2D-088C-356C-85E0-40055AD5EEB4}.Release|x64.Build.0 = Release|x64
		{D7CD5E2D-088C-356C-85E0-40055AD5EEB4}.MinSizeRel|x64.ActiveCfg = MinSizeRel|x64
		{D7CD5E2D-088C-356C-85E0-40055AD5EEB4}.MinSizeRel|x64.Build.0 = MinSizeRel|x64
		{D7CD5E2D-088C-356C-85E0-40055AD5EEB4}.RelWithDebInfo|x64.ActiveCfg = RelWithDebInfo|x64
		{D7CD5E2D-088C-356C-85E0-40055AD5EEB4}.RelWithDebInfo|x64.Build.0 = RelWithDebInfo|x64
		{D55BC088-15C4-343B-A296-18AF7175AC9D}.Debug|x64.ActiveCfg = Debug|x64
		{D55BC088-15C4-343B-A296-18AF7175AC9D}.Debug|x64.Build.0 = Debug|x64
		{D55BC088-15C4-343B-A296-18AF7175AC9D}.Release|x64.ActiveCfg = Release|x64
		{D55BC088-15C4-343B-A296-18AF7175AC9D}.Release|x64.Build.0 = Release|x64
		{D55BC088-15C4-343B-A296-18AF7175AC9D}.MinSizeRel|x64.ActiveCfg = MinSizeRel|x64
		{D55BC088-15C4-343B-A296-18AF7175AC9D}.MinSizeRel|x64.Build.0 = MinSizeRel|x64
		{D55BC088-15C4-343B-A296-18AF7175AC9D}.RelWithDebInfo|x64.ActiveCfg = RelWithDebInfo|x64
		{D55BC088-15C4-343B-A296-18AF7175AC9D}.RelWithDebInfo|x64.Build.0 = RelWithDebInfo|x64
		{48DC525A-6F03-38B7-A291-D308B0A76250}.Debug|x64.ActiveCfg = Debug|x64
		{48DC525A-6F03-38B7-A291-D308B0A76250}.Debug|x64.Build.0 = Debug|x64
		{48DC525A-6F03-38B7-A291-D308B0A76250}.Release|x64.ActiveCfg = Release|x64
		{48DC525A-6F03-38B7-A291-D308B0A76250}.Release|x64.Build.0 = Release|x64
		{48DC525A-6F03-38B7-A291-D308B0A76250}.MinSizeRel|x64.ActiveCfg = MinSizeRel|x64
		{48DC525A-6F03-38B7-A291-D308B0A76250}.MinSizeRel|x64.Build.0 = MinSizeRel|x64
		{48DC525A-6F03-38B7-A291-D308B0A76250}.RelWithDebInfo|x64.ActiveCfg = RelWithDebInfo|x64
		{48DC525A-6F03-38B7-A291-D308B0A76250}.RelWithDebInfo|x64.Build.0 = RelWithDebInfo|x64
		{01126DC9-2B20-31E3-A4B0-F021A69563D7}.Debug|x64.ActiveCfg = Debug|x64
		{01126DC9-2B20-31E3-A4B0-F021A69563D7}.Debug|x64.Build.0 = Debug|x64
		{01126DC9-2B20-31E3-A4B0-F021A69563D7}.Release|x64.ActiveCfg = Release|x64
		{01126DC9-2B20-31E3-A4B0-F021A69563D7}.Release|x64.Build.0 = Release|x64
		{01126DC9-2B20-31E3-A4B0-F021A69563D7}.MinSizeRel|x64.ActiveCfg = MinSizeRel|x64
		{01126DC9-2B20-31E3-A4B0-F021A69563D7}.MinSizeRel|x64.Build.0 = MinSizeRel|x64
		{01126DC9-2B20-31E3-A4B0-F021A69563D7}.RelWithDebInfo|x64.ActiveCfg = RelWithDebInfo|x64
		{01126DC9-2B20-31E3-A4B0-F021A69563D7}.RelWithDebInfo|x64.Build.0 = RelWithDebInfo|x64
		{F56B28A4-A0A3-3580-B252-1329DC457703}.Debug|x64.ActiveCfg = Debug|x64
		{F56B28A4-A0A3-3580-B252-1329DC457703}.Debug|x64.Build.0 = Debug|x64
		{F56B28A4-A0A3-3580-B252-1329DC457703}.Release|x64.ActiveCfg = Release|x64
		{F56B28A4-A0A3-3580-B252-1329DC457703}.Release|x64.Build.0 = Release|x64
		{F56B28A4-A0A3-3580-B252-1329DC457703}.MinSizeRel|x64.ActiveCfg = MinSizeRel|x64
		{F56B28A4-A0A3-3580-B252-1329DC457703}.MinSizeRel|x64.Build.0 = MinSizeRel|x64
		{F56B28A4-A0A3-3580-B252-1329DC457703}.RelWithDebInfo|x64.ActiveCfg = RelWithDebInfo|x64
		{F56B28A4-A0A3-3580-B252-1329DC457703}.RelWithDebInfo|x64.Build.0 = RelWithDebInfo|x64
		{A8214AF7-83FD-3557-BE20-D94D7666EF3E}.Debug|x64.ActiveCfg = Debug|x64
		{A8214AF7-83FD-3557-BE20-D94D7666EF3E}.Debug|x64.Build.0 = Debug|x64
		{A8214AF7-83FD-3557-BE20-D94D7666EF3E}.Release|x64.ActiveCfg = Release|x64
		{A8214AF7-83FD-3557-BE20-D94D7666EF3E}.Release|x64.Build.0 = Release|x64
		{A8214AF7-83FD-3557-BE20-D94D7666EF3E}.MinSizeRel|x64.ActiveCfg = MinSizeRel|x64
		{A8214AF7-83FD-3557-BE20-D94D7666EF3E}.MinSizeRel|x64.Build.0 = MinSizeRel|x64
		{A8214AF7-83FD-3557-BE20-D94D7666EF3E}.RelWithDebInfo|x64.ActiveCfg = RelWithDebInfo|x64
		{A8214AF7-83FD-3557-BE20-D94D7666EF3E}.RelWithDebInfo|x64.Build.0 = RelWithDebInfo|x64
		{5A830CBC-9D0B-337E-B38A-06A5F8DDBF51}.Debug|x64.ActiveCfg = Debug|x64
		{5A830CBC-9D0B-337E-B38A-06A5F8DDBF51}.Debug|x64.Build.0 = Debug|x64
		{5A830CBC-9D0B-337E-B38A-06A5F8DDBF51}.Release|x64.ActiveCfg = Release|x64
		{5A830CBC-9D0B-337E-B38A-06A5F8DDBF51}.Release|x64.Build.0 = Release|x64
		{5A830CBC-9D0B-337E-B38A-06A5F8DDBF51}.MinSizeRel|x64.ActiveCfg = MinSizeRel|x64
		{5A830CBC-9D0B-337E-B38A-06A5F8DDBF51}.MinSizeRel|x64.Build.0 = MinSizeRel|x64
		{5A830CBC-9D0B-337E-B38A-06A5F8DDBF51}.RelWithDebInfo|x64.ActiveCfg = RelWithDebInfo|x64
		{5A830CBC-9D0B-337E-B38A-06A5F8DDBF51}.RelWithDebInfo|x64.Build.0 = RelWithDebInfo|x64
		{27E56D46-3EEB-3347-A05D-1AA08BDDD2D4}.Debug|x64.ActiveCfg = Debug|x64
		{27E56D46-3EEB-3347-A05D-1AA08BDDD2D4}.Debug|x64.Build.0 = Debug|x64
		{27E56D46-3EEB-3347-A05D-1AA08BDDD2D4}.Release|x64.ActiveCfg = Release|x64
		{27E56D46-3EEB-3347-A05D-1AA08BDDD2D4}.Release|x64.Build.0 = Release|x64
		{27E56D46-3EEB-3347-A05D-1AA08BDDD2D4}.MinSizeRel|x64.ActiveCfg = MinSizeRel|x64
		{27E56D46-3EEB-3347-A05D-1AA08BDDD2D4}.MinSizeRel|x64.Build.0 = MinSizeRel|x64
		{27E56D46-3EEB-3347-A05D-1AA08BDDD2D4}.RelWithDebInfo|x64.ActiveCfg = RelWithDebInfo|x64
		{27E56D46-3EEB-3347-A05D-1AA08BDDD2D4}.RelWithDebInfo|x64.Build.0 = RelWithDebInfo|x64
		{552D1ED0-4927-3DC1-8C3F-8BF56AD721BA}.Debug|x64.ActiveCfg = Debug|x64
		{552D1ED0-4927-3DC1-8C3F-8BF56AD721BA}.Debug|x64.Build.0 = Debug|x64
		{552D1ED0-4927-3DC1-8C3F-8BF56AD721BA}.Release|x64.ActiveCfg = Release|x64
		{552D1ED0-4927-3DC1-8C3F-8BF56AD721BA}.Release|x64.Build.0 = Release|x64
		{552D1ED0-4927-3DC1-8C3F-8BF56AD721BA}.MinSizeRel|x64.ActiveCfg = MinSizeRel|x64
		{552D1ED0-4927-3DC1-8C3F-8BF56AD721BA}.MinSizeRel|x64.Build.0 = MinSizeRel|x64
		{552D1ED0-4927-3DC1-8C3F-8BF56AD721BA}.RelWithDebInfo|x64.ActiveCfg = RelWithDebInfo|x64
		{552D1ED0-4927-3DC1-8C3F-8BF56AD721BA}.RelWithDebInfo|x64.Build.0 = RelWithDebInfo|x64
		{D5AC68F9-3F5A-3176-8D7D-D21F574EAC23}.Debug|x64.ActiveCfg = Debug|x64
		{D5AC68F9-3F5A-3176-8D7D-D21F574EAC23}.Debug|x64.Build.0 = Debug|x64
		{D5AC68F9-3F5A-3176-8D7D-D21F574EAC23}.Release|x64.ActiveCfg = Release|x64
		{D5AC68F9-3F5A-3176-8D7D-D21F574EAC23}.Release|x64.Build.0 = Release|x64
		{D5AC68F9-3F5A-3176-8D7D-D21F574EAC23}.MinSizeRel|x64.ActiveCfg = MinSizeRel|x64
		{D5AC68F9-3F5A-3176-8D7D-D21F574EAC23}.MinSizeRel|x64.Build.0 = MinSizeRel|x64
		{D5AC68F9-3F5A-3176-8D7D-D21F574EAC23}.RelWithDebInfo|x64.ActiveCfg = RelWithDebInfo|x64
		{D5AC68F9-3F5A-3176-8D7D-D21F574EAC23}.RelWithDebInfo|x64.Build.0 = RelWithDebInfo|x64
		{8548D527-DCE5-3773-A66A-3AEF9B2E859D}.Debug|x64.ActiveCfg = Debug|x64
		{8548D527-DCE5-3773-A66A-3AEF9B2E859D}.Debug|x64.Build.0 = Debug|x64
		{8548D527-DCE5-3773-A66A-3AEF9B2E859D}.Release|x64.ActiveCfg = Release|x64
		{8548D527-DCE5-3773-A66A-3AEF9B2E859D}.Release|x64.Build.0 = Release|x64
		{8548D527-DCE5-3773-A66A-3AEF9B2E859D}.MinSizeRel|x64.ActiveCfg = MinSizeRel|x64
		{8548D527-DCE5-3773-A66A-3AEF9B2E859D}.MinSizeRel|x64.Build.0 = MinSizeRel|x64
		{8548D527-DCE5-3773-A66A-3AEF9B2E859D}.RelWithDebInfo|x64.ActiveCfg = RelWithDebInfo|x64
		{8548D527-DCE5-3773-A66A-3AEF9B2E859D}.RelWithDebInfo|x64.Build.0 = RelWithDebInfo|x64
		{81B9614C-C141-39E3-94C1-40007CF2CF93}.Debug|x64.ActiveCfg = Debug|x64
		{81B9614C-C141-39E3-94C1-40007CF2CF93}.Debug|x64.Build.0 = Debug|x64
		{81B9614C-C141-39E3-94C1-40007CF2CF93}.Release|x64.ActiveCfg = Release|x64
		{81B9614C-C141-39E3-94C1-40007CF2CF93}.Release|x64.Build.0 = Release|x64
		{81B9614C-C141-39E3-94C1-40007CF2CF93}.MinSizeRel|x64.ActiveCfg = MinSizeRel|x64
		{81B9614C-C141-39E3-94C1-40007CF2CF93}.MinSizeRel|x64.Build.0 = MinSizeRel|x64
		{81B9614C-C141-39E3-94C1-40007CF2CF93}.RelWithDebInfo|x64.ActiveCfg = RelWithDebInfo|x64
		{81B9614C-C141-39E3-94C1-40007CF2CF93}.RelWithDebInfo|x64.Build.0 = RelWithDebInfo|x64
		{FD491DD2-945F-34E5-98B8-7370E21C9D53}.Debug|x64.ActiveCfg = Debug|x64
		{FD491DD2-945F-34E5-98B8-7370E21C9D53}.Debug|x64.Build.0 = Debug|x64
		{FD491DD2-945F-34E5-98B8-7370E21C9D53}.Release|x64.ActiveCfg = Release|x64
		{FD491DD2-945F-34E5-98B8-7370E21C9D53}.Release|x64.Build.0 = Release|x64
		{FD491DD2-945F-34E5-98B8-7370E21C9D53}.MinSizeRel|x64.ActiveCfg = MinSizeRel|x64
		{FD491DD2-945F-34E5-98B8-7370E21C9D53}.MinSizeRel|x64.Build.0 = MinSizeRel|x64
		{FD491DD2-945F-34E5-98B8-7370E21C9D53}.RelWithDebInfo|x64.ActiveCfg = RelWithDebInfo|x64
		{FD491DD2-945F-34E5-98B8-7370E21C9D53}.RelWithDebInfo|x64.Build.0 = RelWithDebInfo|x64
		{F5439B57-683A-3687-B349-10ADF93E617A}.Debug|x64.ActiveCfg = Debug|x64
		{F5439B57-683A-3687-B349-10ADF93E617A}.Debug|x64.Build.0 = Debug|x64
		{F5439B57-683A-3687-B349-10ADF93E617A}.Release|x64.ActiveCfg = Release|x64
		{F5439B57-683A-3687-B349-10ADF93E617A}.Release|x64.Build.0 = Release|x64
		{F5439B57-683A-3687-B349-10ADF93E617A}.MinSizeRel|x64.ActiveCfg = MinSizeRel|x64
		{F5439B57-683A-3687-B349-10ADF93E617A}.MinSizeRel|x64.Build.0 = MinSizeRel|x64
		{F5439B57-683A-3687-B349-10ADF93E617A}.RelWithDebInfo|x64.ActiveCfg = RelWithDebInfo|x64
		{F5439B57-683A-3687-B349-10ADF93E617A}.RelWithDebInfo|x64.Build.0 = RelWithDebInfo|x64
		{F7FC1975-59B3-383D-B3CA-80AF319E7915}.Debug|x64.ActiveCfg = Debug|x64
		{F7FC1975-59B3-383D-B3CA-80AF319E7915}.Debug|x64.Build.0 = Debug|x64
		{F7FC1975-59B3-383D-B3CA-80AF319E7915}.Release|x64.ActiveCfg = Release|x64
		{F7FC1975-59B3-383D-B3CA-80AF319E7915}.Release|x64.Build.0 = Release|x64
		{F7FC1975-59B3-383D-B3CA-80AF319E7915}.MinSizeRel|x64.ActiveCfg = MinSizeRel|x64
		{F7FC1975-59B3-383D-B3CA-80AF319E7915}.MinSizeRel|x64.Build.0 = MinSizeRel|x64
		{F7FC1975-59B3-383D-B3CA-80AF319E7915}.RelWithDebInfo|x64.ActiveCfg = RelWithDebInfo|x64
		{F7FC1975-59B3-383D-B3CA-80AF319E7915}.RelWithDebInfo|x64.Build.0 = RelWithDebInfo|x64
		{A887765F-5386-3D63-B951-1EFDEA56D432}.Debug|x64.ActiveCfg = Debug|x64
		{A887765F-5386-3D63-B951-1EFDEA56D432}.Debug|x64.Build.0 = Debug|x64
		{A887765F-5386-3D63-B951-1EFDEA56D432}.Release|x64.ActiveCfg = Release|x64
		{A887765F-5386-3D63-B951-1EFDEA56D432}.Release|x64.Build.0 = Release|x64
		{A887765F-5386-3D63-B951-1EFDEA56D432}.MinSizeRel|x64.ActiveCfg = MinSizeRel|x64
		{A887765F-5386-3D63-B951-1EFDEA56D432}.MinSizeRel|x64.Build.0 = MinSizeRel|x64
		{A887765F-5386-3D63-B951-1EFDEA56D432}.RelWithDebInfo|x64.ActiveCfg = RelWithDebInfo|x64
		{A887765F-5386-3D63-B951-1EFDEA56D432}.RelWithDebInfo|x64.Build.0 = RelWithDebInfo|x64
		{D0E77A3B-6E53-353E-A844-B04BADB3C8DA}.Debug|x64.ActiveCfg = Debug|x64
		{D0E77A3B-6E53-353E-A844-B04BADB3C8DA}.Debug|x64.Build.0 = Debug|x64
		{D0E77A3B-6E53-353E-A844-B04BADB3C8DA}.Release|x64.ActiveCfg = Release|x64
		{D0E77A3B-6E53-353E-A844-B04BADB3C8DA}.Release|x64.Build.0 = Release|x64
		{D0E77A3B-6E53-353E-A844-B04BADB3C8DA}.MinSizeRel|x64.ActiveCfg = MinSizeRel|x64
		{D0E77A3B-6E53-353E-A844-B04BADB3C8DA}.MinSizeRel|x64.Build.0 = MinSizeRel|x64
		{D0E77A3B-6E53-353E-A844-B04BADB3C8DA}.RelWithDebInfo|x64.ActiveCfg = RelWithDebInfo|x64
		{D0E77A3B-6E53-353E-A844-B04BADB3C8DA}.RelWithDebInfo|x64.Build.0 = RelWithDebInfo|x64
		{9E8FD63C-B2FF-332E-BE2F-A795FE00A274}.Debug|x64.ActiveCfg = Debug|x64
		{9E8FD63C-B2FF-332E-BE2F-A795FE00A274}.Debug|x64.Build.0 = Debug|x64
		{9E8FD63C-B2FF-332E-BE2F-A795FE00A274}.Release|x64.ActiveCfg = Release|x64
		{9E8FD63C-B2FF-332E-BE2F-A795FE00A274}.Release|x64.Build.0 = Release|x64
		{9E8FD63C-B2FF-332E-BE2F-A795FE00A274}.MinSizeRel|x64.ActiveCfg = MinSizeRel|x64
		{9E8FD63C-B2FF-332E-BE2F-A795FE00A274}.MinSizeRel|x64.Build.0 = MinSizeRel|x64
		{9E8FD63C-B2FF-332E-BE2F-A795FE00A274}.RelWithDebInfo|x64.ActiveCfg = RelWithDebInfo|x64
		{9E8FD63C-B2FF-332E-BE2F-A795FE00A274}.RelWithDebInfo|x64.Build.0 = RelWithDebInfo|x64
	EndGlobalSection
	GlobalSection(NestedProjects) = preSolution
		{92126F18-CAC8-3395-88B8-4104E32A55E3} = {90A53C29-69D0-3B4C-9653-4502A336130E}
		{EBAD491E-6D09-3DE1-B2E2-0F4339B03C39} = {90A53C29-69D0-3B4C-9653-4502A336130E}
		{38F1D08A-A844-3300-8425-C536D7E288E5} = {90A53C29-69D0-3B4C-9653-4502A336130E}
		{386CB288-C699-3603-A6EC-E819A963C917} = {90A53C29-69D0-3B4C-9653-4502A336130E}
		{DB4E3506-6E51-3DDC-958D-878C37D6F248} = {90A53C29-69D0-3B4C-9653-4502A336130E}
		{4A0B195F-CB4F-3FAC-9A8A-70FD279CA202} = {1B0CA01A-E121-312C-8382-761C6B7B8EAA}
		{A3EEF365-D10B-31D5-AC1C-B562A33DE47B} = {1B0CA01A-E121-312C-8382-761C6B7B8EAA}
		{07F79B31-D2F4-320F-9AF7-B783344A1262} = {1B0CA01A-E121-312C-8382-761C6B7B8EAA}
		{32920450-F7B9-3777-AD59-C4C8D680EE89} = {1B0CA01A-E121-312C-8382-761C6B7B8EAA}
		{BF730BCD-E33F-3FEA-A23E-1F2E2091B6D0} = {D1F2458C-76EA-3E21-A398-7396AFDD2426}
		{34415889-4B66-35BA-B484-AE403FF17BAF} = {D1F2458C-76EA-3E21-A398-7396AFDD2426}
		{47FED818-2E95-323B-87D1-CCD9522CAF1E} = {D1F2458C-76EA-3E21-A398-7396AFDD2426}
		{A574E43D-EDB7-36B4-9FC6-C574E3961BBD} = {D1F2458C-76EA-3E21-A398-7396AFDD2426}
		{F315BAAC-D951-32DF-B3A9-D6651AB0C73B} = {D1F2458C-76EA-3E21-A398-7396AFDD2426}
		{E0325D57-8142-3118-819D-2C99FB01DEA4} = {D1F2458C-76EA-3E21-A398-7396AFDD2426}
		{ABB766C3-F541-344A-86F6-C9BF809DFF00} = {D1F2458C-76EA-3E21-A398-7396AFDD2426}
		{1DAB146B-19EB-34D3-B559-2E9F509FBBA2} = {D1F2458C-76EA-3E21-A398-7396AFDD2426}
		{4BC226CB-A03F-35F7-BB3E-F10208F436F3} = {D1F2458C-76EA-3E21-A398-7396AFDD2426}
		{D7CD5E2D-088C-356C-85E0-40055AD5EEB4} = {D1F2458C-76EA-3E21-A398-7396AFDD2426}
		{D55BC088-15C4-343B-A296-18AF7175AC9D} = {D1F2458C-76EA-3E21-A398-7396AFDD2426}
		{48DC525A-6F03-38B7-A291-D308B0A76250} = {D1F2458C-76EA-3E21-A398-7396AFDD2426}
		{01126DC9-2B20-31E3-A4B0-F021A69563D7} = {D1F2458C-76EA-3E21-A398-7396AFDD2426}
		{F56B28A4-A0A3-3580-B252-1329DC457703} = {D1F2458C-76EA-3E21-A398-7396AFDD2426}
		{5A830CBC-9D0B-337E-B38A-06A5F8DDBF51} = {D1F2458C-76EA-3E21-A398-7396AFDD2426}
		{81B9614C-C141-39E3-94C1-40007CF2CF93} = {D1F2458C-76EA-3E21-A398-7396AFDD2426}
		{FD491DD2-945F-34E5-98B8-7370E21C9D53} = {D1F2458C-76EA-3E21-A398-7396AFDD2426}
		{F5439B57-683A-3687-B349-10ADF93E617A} = {D1F2458C-76EA-3E21-A398-7396AFDD2426}
		{F7FC1975-59B3-383D-B3CA-80AF319E7915} = {D1F2458C-76EA-3E21-A398-7396AFDD2426}
		{A887765F-5386-3D63-B951-1EFDEA56D432} = {D1F2458C-76EA-3E21-A398-7396AFDD2426}
		{D0E77A3B-6E53-353E-A844-B04BADB3C8DA} = {D1F2458C-76EA-3E21-A398-7396AFDD2426}
		{9E8FD63C-B2FF-332E-BE2F-A795FE00A274} = {D1F2458C-76EA-3E21-A398-7396AFDD2426}
	EndGlobalSection
	GlobalSection(ExtensibilityGlobals) = postSolution
		SolutionGuid = {1B6D32D1-35B1-3E11-88D5-A3484FFBE980}
	EndGlobalSection
	GlobalSection(ExtensibilityAddIns) = postSolution
	EndGlobalSection
EndGlobal
