
Microsoft Visual Studio Solution File, Format Version 12.00
# Visual Studio Version 16
Project("{2150E333-8FDC-42A3-9474-1A3956D46DE8}") = "CMakePredefinedTargets", "CMakePredefinedTargets", "{90A53C29-69D0-3B4C-9653-4502A336130E}"
EndProject
Project("{2150E333-8FDC-42A3-9474-1A3956D46DE8}") = "ext", "ext", "{D1F2458C-76EA-3E21-A398-7396AFDD2426}"
EndProject
Project("{8BC9CEB8-8B4A-11D0-8D11-00A0C91BC942}") = "ALL_BUILD", "ALL_BUILD.vcxproj", "{92126F18-CAC8-3395-88B8-4104E32A55E3}"
	ProjectSection(ProjectDependencies) = postProject
		{DB4E3506-6E51-3DDC-958D-878C37D6F248} = {DB4E3506-6E51-3DDC-958D-878C37D6F248}
		{9E8FD63C-B2FF-332E-BE2F-A795FE00A274} = {9E8FD63C-B2FF-332E-BE2F-A795FE00A274}
	EndProjectSection
EndProject
Project("{8BC9CEB8-8B4A-11D0-8D11-00A0C91BC942}") = "INSTALL", "INSTALL.vcxproj", "{EBAD491E-6D09-3DE1-B2E2-0F4339B03C39}"
	ProjectSection(ProjectDependencies) = postProject
		{92126F18-CAC8-3395-88B8-4104E32A55E3} = {92126F18-CAC8-3395-88B8-4104E32A55E3}
		{DB4E3506-6E51-3DDC-958D-878C37D6F248} = {DB4E3506-6E51-3DDC-958D-878C37D6F248}
	EndProjectSection
EndProject
Project("{8BC9CEB8-8B4A-11D0-8D11-00A0C91BC942}") = "PACKAGE", "PACKAGE.vcxproj", "{38F1D08A-A844-3300-8425-C536D7E288E5}"
	ProjectSection(ProjectDependencies) = postProject
		{92126F18-CAC8-3395-88B8-4104E32A55E3} = {92126F18-CAC8-3395-88B8-4104E32A55E3}
		{DB4E3506-6E51-3DDC-958D-878C37D6F248} = {DB4E3506-6E51-3DDC-958D-878C37D6F248}
	EndProjectSection
EndProject
Project("{8BC9CEB8-8B4A-11D0-8D11-00A0C91BC942}") = "RUN_TESTS", "RUN_TESTS.vcxproj", "{386CB288-C699-3603-A6EC-E819A963C917}"
	ProjectSection(ProjectDependencies) = postProject
		{DB4E3506-6E51-3DDC-958D-878C37D6F248} = {DB4E3506-6E51-3DDC-958D-878C37D6F248}
	EndProjectSection
EndProject
Project("{8BC9CEB8-8B4A-11D0-8D11-00A0C91BC942}") = "ZERO_CHECK", "..\..\..\\ZERO_CHECK.vcxproj", "{DB4E3506-6E51-3DDC-958D-878C37D6F248}"
	ProjectSection(ProjectDependencies) = postProject
	EndProjectSection
EndProject
Project("{8BC9CEB8-8B4A-11D0-8D11-00A0C91BC942}") = "zlibstatic", "zlibstatic.vcxproj", "{9E8FD63C-B2FF-332E-BE2F-A795FE00A274}"
	ProjectSection(ProjectDependencies) = postProject
		{DB4E3506-6E51-3DDC-958D-878C37D6F248} = {DB4E3506-6E51-3DDC-958D-878C37D6F248}
	EndProjectSection
EndProject
Global
	GlobalSection(SolutionConfigurationPlatforms) = preSolution
		Debug|x64 = Debug|x64
		Release|x64 = Release|x64
		MinSizeRel|x64 = MinSizeRel|x64
		RelWithDebInfo|x64 = RelWithDebInfo|x64
	EndGlobalSection
	GlobalSection(ProjectConfigurationPlatforms) = postSolution
		{92126F18-CAC8-3395-88B8-4104E32A55E3}.Debug|x64.ActiveCfg = Debug|x64
		{92126F18-CAC8-3395-88B8-4104E32A55E3}.Debug|x64.Build.0 = Debug|x64
		{92126F18-CAC8-3395-88B8-4104E32A55E3}.Release|x64.ActiveCfg = Release|x64
		{92126F18-CAC8-3395-88B8-4104E32A55E3}.Release|x64.Build.0 = Release|x64
		{92126F18-CAC8-3395-88B8-4104E32A55E3}.MinSizeRel|x64.ActiveCfg = MinSizeRel|x64
		{92126F18-CAC8-3395-88B8-4104E32A55E3}.MinSizeRel|x64.Build.0 = MinSizeRel|x64
		{92126F18-CAC8-3395-88B8-4104E32A55E3}.RelWithDebInfo|x64.ActiveCfg = RelWithDebInfo|x64
		{92126F18-CAC8-3395-88B8-4104E32A55E3}.RelWithDebInfo|x64.Build.0 = RelWithDebInfo|x64
		{EBAD491E-6D09-3DE1-B2E2-0F4339B03C39}.Debug|x64.ActiveCfg = Debug|x64
		{EBAD491E-6D09-3DE1-B2E2-0F4339B03C39}.Release|x64.ActiveCfg = Release|x64
		{EBAD491E-6D09-3DE1-B2E2-0F4339B03C39}.MinSizeRel|x64.ActiveCfg = MinSizeRel|x64
		{EBAD491E-6D09-3DE1-B2E2-0F4339B03C39}.RelWithDebInfo|x64.ActiveCfg = RelWithDebInfo|x64
		{38F1D08A-A844-3300-8425-C536D7E288E5}.Debug|x64.ActiveCfg = Debug|x64
		{38F1D08A-A844-3300-8425-C536D7E288E5}.Release|x64.ActiveCfg = Release|x64
		{38F1D08A-A844-3300-8425-C536D7E288E5}.MinSizeRel|x64.ActiveCfg = MinSizeRel|x64
		{38F1D08A-A844-3300-8425-C536D7E288E5}.RelWithDebInfo|x64.ActiveCfg = RelWithDebInfo|x64
		{386CB288-C699-3603-A6EC-E819A963C917}.Debug|x64.ActiveCfg = Debug|x64
		{386CB288-C699-3603-A6EC-E819A963C917}.Release|x64.ActiveCfg = Release|x64
		{386CB288-C699-3603-A6EC-E819A963C917}.MinSizeRel|x64.ActiveCfg = MinSizeRel|x64
		{386CB288-C699-3603-A6EC-E819A963C917}.RelWithDebInfo|x64.ActiveCfg = RelWithDebInfo|x64
		{DB4E3506-6E51-3DDC-958D-878C37D6F248}.Debug|x64.ActiveCfg = Debug|x64
		{DB4E3506-6E51-3DDC-958D-878C37D6F248}.Debug|x64.Build.0 = Debug|x64
		{DB4E3506-6E51-3DDC-958D-878C37D6F248}.Release|x64.ActiveCfg = Release|x64
		{DB4E3506-6E51-3DDC-958D-878C37D6F248}.Release|x64.Build.0 = Release|x64
		{DB4E3506-6E51-3DDC-958D-878C37D6F248}.MinSizeRel|x64.ActiveCfg = MinSizeRel|x64
		{DB4E3506-6E51-3DDC-958D-878C37D6F248}.MinSizeRel|x64.Build.0 = MinSizeRel|x64
		{DB4E3506-6E51-3DDC-958D-878C37D6F248}.RelWithDebInfo|x64.ActiveCfg = RelWithDebInfo|x64
		{DB4E3506-6E51-3DDC-958D-878C37D6F248}.RelWithDebInfo|x64.Build.0 = RelWithDebInfo|x64
		{9E8FD63C-B2FF-332E-BE2F-A795FE00A274}.Debug|x64.ActiveCfg = Debug|x64
		{9E8FD63C-B2FF-332E-BE2F-A795FE00A274}.Debug|x64.Build.0 = Debug|x64
		{9E8FD63C-B2FF-332E-BE2F-A795FE00A274}.Release|x64.ActiveCfg = Release|x64
		{9E8FD63C-B2FF-332E-BE2F-A795FE00A274}.Release|x64.Build.0 = Release|x64
		{9E8FD63C-B2FF-332E-BE2F-A795FE00A274}.MinSizeRel|x64.ActiveCfg = MinSizeRel|x64
		{9E8FD63C-B2FF-332E-BE2F-A795FE00A274}.MinSizeRel|x64.Build.0 = MinSizeRel|x64
		{9E8FD63C-B2FF-332E-BE2F-A795FE00A274}.RelWithDebInfo|x64.ActiveCfg = RelWithDebInfo|x64
		{9E8FD63C-B2FF-332E-BE2F-A795FE00A274}.RelWithDebInfo|x64.Build.0 = RelWithDebInfo|x64
	EndGlobalSection
	GlobalSection(NestedProjects) = preSolution
		{92126F18-CAC8-3395-88B8-4104E32A55E3} = {90A53C29-69D0-3B4C-9653-4502A336130E}
		{EBAD491E-6D09-3DE1-B2E2-0F4339B03C39} = {90A53C29-69D0-3B4C-9653-4502A336130E}
		{38F1D08A-A844-3300-8425-C536D7E288E5} = {90A53C29-69D0-3B4C-9653-4502A336130E}
		{386CB288-C699-3603-A6EC-E819A963C917} = {90A53C29-69D0-3B4C-9653-4502A336130E}
		{DB4E3506-6E51-3DDC-958D-878C37D6F248} = {90A53C29-69D0-3B4C-9653-4502A336130E}
		{9E8FD63C-B2FF-332E-BE2F-A795FE00A274} = {D1F2458C-76EA-3E21-A398-7396AFDD2426}
	EndGlobalSection
	GlobalSection(ExtensibilityGlobals) = postSolution
		SolutionGuid = {10BD85E9-08F1-3A3C-931B-7AFD730D8BFB}
	EndGlobalSection
	GlobalSection(ExtensibilityAddIns) = postSolution
	EndGlobalSection
EndGlobal
