
Microsoft Visual Studio Solution File, Format Version 12.00
# Visual Studio Version 16
Project("{2150E333-8FDC-42A3-9474-1A3956D46DE8}") = "CMakePredefinedTargets", "CMakePredefinedTargets", "{90A53C29-69D0-3B4C-9653-4502A336130E}"
EndProject
Project("{2150E333-8FDC-42A3-9474-1A3956D46DE8}") = "CTestDashboardTargets", "CTestDashboardTargets", "{1B0CA01A-E121-312C-8382-761C6B7B8EAA}"
EndProject
Project("{2150E333-8FDC-42A3-9474-1A3956D46DE8}") = "ext", "ext", "{D1F2458C-76EA-3E21-A398-7396AFDD2426}"
EndProject
Project("{8BC9CEB8-8B4A-11D0-8D11-00A0C91BC942}") = "ALL_BUILD", "ALL_BUILD.vcxproj", "{92126F18-CAC8-3395-88B8-4104E32A55E3}"
	ProjectSection(ProjectDependencies) = postProject
		{ABB766C3-F541-344A-86F6-C9BF809DFF00} = {ABB766C3-F541-344A-86F6-C9BF809DFF00}
		{DB4E3506-6E51-3DDC-958D-878C37D6F248} = {DB4E3506-6E51-3DDC-958D-878C37D6F248}
		{48DC525A-6F03-38B7-A291-D308B0A76250} = {48DC525A-6F03-38B7-A291-D308B0A76250}
		{F56B28A4-A0A3-3580-B252-1329DC457703} = {F56B28A4-A0A3-3580-B252-1329DC457703}
		{81B9614C-C141-39E3-94C1-40007CF2CF93} = {81B9614C-C141-39E3-94C1-40007CF2CF93}
		{FD491DD2-945F-34E5-98B8-7370E21C9D53} = {FD491DD2-945F-34E5-98B8-7370E21C9D53}
		{D0E77A3B-6E53-353E-A844-B04BADB3C8DA} = {D0E77A3B-6E53-353E-A844-B04BADB3C8DA}
	EndProjectSection
EndProject
Project("{8BC9CEB8-8B4A-11D0-8D11-00A0C91BC942}") = "Continuous", "Continuous.vcxproj", "{4A0B195F-CB4F-3FAC-9A8A-70FD279CA202}"
	ProjectSection(ProjectDependencies) = postProject
		{DB4E3506-6E51-3DDC-958D-878C37D6F248} = {DB4E3506-6E51-3DDC-958D-878C37D6F248}
	EndProjectSection
EndProject
Project("{8BC9CEB8-8B4A-11D0-8D11-00A0C91BC942}") = "Experimental", "Experimental.vcxproj", "{A3EEF365-D10B-31D5-AC1C-B562A33DE47B}"
	ProjectSection(ProjectDependencies) = postProject
		{DB4E3506-6E51-3DDC-958D-878C37D6F248} = {DB4E3506-6E51-3DDC-958D-878C37D6F248}
	EndProjectSection
EndProject
Project("{8BC9CEB8-8B4A-11D0-8D11-00A0C91BC942}") = "INSTALL", "INSTALL.vcxproj", "{EBAD491E-6D09-3DE1-B2E2-0F4339B03C39}"
	ProjectSection(ProjectDependencies) = postProject
		{92126F18-CAC8-3395-88B8-4104E32A55E3} = {92126F18-CAC8-3395-88B8-4104E32A55E3}
		{DB4E3506-6E51-3DDC-958D-878C37D6F248} = {DB4E3506-6E51-3DDC-958D-878C37D6F248}
	EndProjectSection
EndProject
Project("{8BC9CEB8-8B4A-11D0-8D11-00A0C91BC942}") = "Nightly", "Nightly.vcxproj", "{07F79B31-D2F4-320F-9AF7-B783344A1262}"
	ProjectSection(ProjectDependencies) = postProject
		{DB4E3506-6E51-3DDC-958D-878C37D6F248} = {DB4E3506-6E51-3DDC-958D-878C37D6F248}
	EndProjectSection
EndProject
Project("{8BC9CEB8-8B4A-11D0-8D11-00A0C91BC942}") = "NightlyMemoryCheck", "NightlyMemoryCheck.vcxproj", "{32920450-F7B9-3777-AD59-C4C8D680EE89}"
	ProjectSection(ProjectDependencies) = postProject
		{DB4E3506-6E51-3DDC-958D-878C37D6F248} = {DB4E3506-6E51-3DDC-958D-878C37D6F248}
	EndProjectSection
EndProject
Project("{8BC9CEB8-8B4A-11D0-8D11-00A0C91BC942}") = "PACKAGE", "PACKAGE.vcxproj", "{38F1D08A-A844-3300-8425-C536D7E288E5}"
	ProjectSection(ProjectDependencies) = postProject
		{92126F18-CAC8-3395-88B8-4104E32A55E3} = {92126F18-CAC8-3395-88B8-4104E32A55E3}
		{DB4E3506-6E51-3DDC-958D-878C37D6F248} = {DB4E3506-6E51-3DDC-958D-878C37D6F248}
	EndProjectSection
EndProject
Project("{8BC9CEB8-8B4A-11D0-8D11-00A0C91BC942}") = "Ptex_static", "src\ptex\Ptex_static.vcxproj", "{ABB766C3-F541-344A-86F6-C9BF809DFF00}"
	ProjectSection(ProjectDependencies) = postProject
		{DB4E3506-6E51-3DDC-958D-878C37D6F248} = {DB4E3506-6E51-3DDC-958D-878C37D6F248}
		{9E8FD63C-B2FF-332E-BE2F-A795FE00A274} = {9E8FD63C-B2FF-332E-BE2F-A795FE00A274}
	EndProjectSection
EndProject
Project("{8BC9CEB8-8B4A-11D0-8D11-00A0C91BC942}") = "RUN_TESTS", "RUN_TESTS.vcxproj", "{386CB288-C699-3603-A6EC-E819A963C917}"
	ProjectSection(ProjectDependencies) = postProject
		{DB4E3506-6E51-3DDC-958D-878C37D6F248} = {DB4E3506-6E51-3DDC-958D-878C37D6F248}
	EndProjectSection
EndProject
Project("{8BC9CEB8-8B4A-11D0-8D11-00A0C91BC942}") = "ZERO_CHECK", "..\..\..\\ZERO_CHECK.vcxproj", "{DB4E3506-6E51-3DDC-958D-878C37D6F248}"
	ProjectSection(ProjectDependencies) = postProject
	EndProjectSection
EndProject
Project("{8BC9CEB8-8B4A-11D0-8D11-00A0C91BC942}") = "ftest", "src\tests\ftest.vcxproj", "{48DC525A-6F03-38B7-A291-D308B0A76250}"
	ProjectSection(ProjectDependencies) = postProject
		{ABB766C3-F541-344A-86F6-C9BF809DFF00} = {ABB766C3-F541-344A-86F6-C9BF809DFF00}
		{DB4E3506-6E51-3DDC-958D-878C37D6F248} = {DB4E3506-6E51-3DDC-958D-878C37D6F248}
		{9E8FD63C-B2FF-332E-BE2F-A795FE00A274} = {9E8FD63C-B2FF-332E-BE2F-A795FE00A274}
	EndProjectSection
EndProject
Project("{8BC9CEB8-8B4A-11D0-8D11-00A0C91BC942}") = "halftest", "src\tests\halftest.vcxproj", "{F56B28A4-A0A3-3580-B252-1329DC457703}"
	ProjectSection(ProjectDependencies) = postProject
		{ABB766C3-F541-344A-86F6-C9BF809DFF00} = {ABB766C3-F541-344A-86F6-C9BF809DFF00}
		{DB4E3506-6E51-3DDC-958D-878C37D6F248} = {DB4E3506-6E51-3DDC-958D-878C37D6F248}
		{9E8FD63C-B2FF-332E-BE2F-A795FE00A274} = {9E8FD63C-B2FF-332E-BE2F-A795FE00A274}
	EndProjectSection
EndProject
Project("{8BC9CEB8-8B4A-11D0-8D11-00A0C91BC942}") = "ptxinfo", "src\utils\ptxinfo.vcxproj", "{81B9614C-C141-39E3-94C1-40007CF2CF93}"
	ProjectSection(ProjectDependencies) = postProject
		{ABB766C3-F541-344A-86F6-C9BF809DFF00} = {ABB766C3-F541-344A-86F6-C9BF809DFF00}
		{DB4E3506-6E51-3DDC-958D-878C37D6F248} = {DB4E3506-6E51-3DDC-958D-878C37D6F248}
		{9E8FD63C-B2FF-332E-BE2F-A795FE00A274} = {9E8FD63C-B2FF-332E-BE2F-A795FE00A274}
	EndProjectSection
EndProject
Project("{8BC9CEB8-8B4A-11D0-8D11-00A0C91BC942}") = "rtest", "src\tests\rtest.vcxproj", "{FD491DD2-945F-34E5-98B8-7370E21C9D53}"
	ProjectSection(ProjectDependencies) = postProject
		{ABB766C3-F541-344A-86F6-C9BF809DFF00} = {ABB766C3-F541-344A-86F6-C9BF809DFF00}
		{DB4E3506-6E51-3DDC-958D-878C37D6F248} = {DB4E3506-6E51-3DDC-958D-878C37D6F248}
		{9E8FD63C-B2FF-332E-BE2F-A795FE00A274} = {9E8FD63C-B2FF-332E-BE2F-A795FE00A274}
	EndProjectSection
EndProject
Project("{8BC9CEB8-8B4A-11D0-8D11-00A0C91BC942}") = "wtest", "src\tests\wtest.vcxproj", "{D0E77A3B-6E53-353E-A844-B04BADB3C8DA}"
	ProjectSection(ProjectDependencies) = postProject
		{ABB766C3-F541-344A-86F6-C9BF809DFF00} = {ABB766C3-F541-344A-86F6-C9BF809DFF00}
		{DB4E3506-6E51-3DDC-958D-878C37D6F248} = {DB4E3506-6E51-3DDC-958D-878C37D6F248}
		{9E8FD63C-B2FF-332E-BE2F-A795FE00A274} = {9E8FD63C-B2FF-332E-BE2F-A795FE00A274}
	EndProjectSection
EndProject
Project("{8BC9CEB8-8B4A-11D0-8D11-00A0C91BC942}") = "zlibstatic", "..\zlib\zlibstatic.vcxproj", "{9E8FD63C-B2FF-332E-BE2F-A795FE00A274}"
	ProjectSection(ProjectDependencies) = postProject
		{DB4E3506-6E51-3DDC-958D-878C37D6F248} = {DB4E3506-6E51-3DDC-958D-878C37D6F248}
	EndProjectSection
EndProject
Global
	GlobalSection(SolutionConfigurationPlatforms) = preSolution
		Debug|x64 = Debug|x64
		Release|x64 = Release|x64
		MinSizeRel|x64 = MinSizeRel|x64
		RelWithDebInfo|x64 = RelWithDebInfo|x64
	EndGlobalSection
	GlobalSection(ProjectConfigurationPlatforms) = postSolution
		{92126F18-CAC8-3395-88B8-4104E32A55E3}.Debug|x64.ActiveCfg = Debug|x64
		{92126F18-CAC8-3395-88B8-4104E32A55E3}.Debug|x64.Build.0 = Debug|x64
		{92126F18-CAC8-3395-88B8-4104E32A55E3}.Release|x64.ActiveCfg = Release|x64
		{92126F18-CAC8-3395-88B8-4104E32A55E3}.Release|x64.Build.0 = Release|x64
		{92126F18-CAC8-3395-88B8-4104E32A55E3}.MinSizeRel|x64.ActiveCfg = MinSizeRel|x64
		{92126F18-CAC8-3395-88B8-4104E32A55E3}.MinSizeRel|x64.Build.0 = MinSizeRel|x64
		{92126F18-CAC8-3395-88B8-4104E32A55E3}.RelWithDebInfo|x64.ActiveCfg = RelWithDebInfo|x64
		{92126F18-CAC8-3395-88B8-4104E32A55E3}.RelWithDebInfo|x64.Build.0 = RelWithDebInfo|x64
		{4A0B195F-CB4F-3FAC-9A8A-70FD279CA202}.Debug|x64.ActiveCfg = Debug|x64
		{4A0B195F-CB4F-3FAC-9A8A-70FD279CA202}.Release|x64.ActiveCfg = Release|x64
		{4A0B195F-CB4F-3FAC-9A8A-70FD279CA202}.MinSizeRel|x64.ActiveCfg = MinSizeRel|x64
		{4A0B195F-CB4F-3FAC-9A8A-70FD279CA202}.RelWithDebInfo|x64.ActiveCfg = RelWithDebInfo|x64
		{A3EEF365-D10B-31D5-AC1C-B562A33DE47B}.Debug|x64.ActiveCfg = Debug|x64
		{A3EEF365-D10B-31D5-AC1C-B562A33DE47B}.Release|x64.ActiveCfg = Release|x64
		{A3EEF365-D10B-31D5-AC1C-B562A33DE47B}.MinSizeRel|x64.ActiveCfg = MinSizeRel|x64
		{A3EEF365-D10B-31D5-AC1C-B562A33DE47B}.RelWithDebInfo|x64.ActiveCfg = RelWithDebInfo|x64
		{EBAD491E-6D09-3DE1-B2E2-0F4339B03C39}.Debug|x64.ActiveCfg = Debug|x64
		{EBAD491E-6D09-3DE1-B2E2-0F4339B03C39}.Release|x64.ActiveCfg = Release|x64
		{EBAD491E-6D09-3DE1-B2E2-0F4339B03C39}.MinSizeRel|x64.ActiveCfg = MinSizeRel|x64
		{EBAD491E-6D09-3DE1-B2E2-0F4339B03C39}.RelWithDebInfo|x64.ActiveCfg = RelWithDebInfo|x64
		{07F79B31-D2F4-320F-9AF7-B783344A1262}.Debug|x64.ActiveCfg = Debug|x64
		{07F79B31-D2F4-320F-9AF7-B783344A1262}.Release|x64.ActiveCfg = Release|x64
		{07F79B31-D2F4-320F-9AF7-B783344A1262}.MinSizeRel|x64.ActiveCfg = MinSizeRel|x64
		{07F79B31-D2F4-320F-9AF7-B783344A1262}.RelWithDebInfo|x64.ActiveCfg = RelWithDebInfo|x64
		{32920450-F7B9-3777-AD59-C4C8D680EE89}.Debug|x64.ActiveCfg = Debug|x64
		{32920450-F7B9-3777-AD59-C4C8D680EE89}.Release|x64.ActiveCfg = Release|x64
		{32920450-F7B9-3777-AD59-C4C8D680EE89}.MinSizeRel|x64.ActiveCfg = MinSizeRel|x64
		{32920450-F7B9-3777-AD59-C4C8D680EE89}.RelWithDebInfo|x64.ActiveCfg = RelWithDebInfo|x64
		{38F1D08A-A844-3300-8425-C536D7E288E5}.Debug|x64.ActiveCfg = Debug|x64
		{38F1D08A-A844-3300-8425-C536D7E288E5}.Release|x64.ActiveCfg = Release|x64
		{38F1D08A-A844-3300-8425-C536D7E288E5}.MinSizeRel|x64.ActiveCfg = MinSizeRel|x64
		{38F1D08A-A844-3300-8425-C536D7E288E5}.RelWithDebInfo|x64.ActiveCfg = RelWithDebInfo|x64
		{ABB766C3-F541-344A-86F6-C9BF809DFF00}.Debug|x64.ActiveCfg = Debug|x64
		{ABB766C3-F541-344A-86F6-C9BF809DFF00}.Debug|x64.Build.0 = Debug|x64
		{ABB766C3-F541-344A-86F6-C9BF809DFF00}.Release|x64.ActiveCfg = Release|x64
		{ABB766C3-F541-344A-86F6-C9BF809DFF00}.Release|x64.Build.0 = Release|x64
		{ABB766C3-F541-344A-86F6-C9BF809DFF00}.MinSizeRel|x64.ActiveCfg = MinSizeRel|x64
		{ABB766C3-F541-344A-86F6-C9BF809DFF00}.MinSizeRel|x64.Build.0 = MinSizeRel|x64
		{ABB766C3-F541-344A-86F6-C9BF809DFF00}.RelWithDebInfo|x64.ActiveCfg = RelWithDebInfo|x64
		{ABB766C3-F541-344A-86F6-C9BF809DFF00}.RelWithDebInfo|x64.Build.0 = RelWithDebInfo|x64
		{386CB288-C699-3603-A6EC-E819A963C917}.Debug|x64.ActiveCfg = Debug|x64
		{386CB288-C699-3603-A6EC-E819A963C917}.Release|x64.ActiveCfg = Release|x64
		{386CB288-C699-3603-A6EC-E819A963C917}.MinSizeRel|x64.ActiveCfg = MinSizeRel|x64
		{386CB288-C699-3603-A6EC-E819A963C917}.RelWithDebInfo|x64.ActiveCfg = RelWithDebInfo|x64
		{DB4E3506-6E51-3DDC-958D-878C37D6F248}.Debug|x64.ActiveCfg = Debug|x64
		{DB4E3506-6E51-3DDC-958D-878C37D6F248}.Debug|x64.Build.0 = Debug|x64
		{DB4E3506-6E51-3DDC-958D-878C37D6F248}.Release|x64.ActiveCfg = Release|x64
		{DB4E3506-6E51-3DDC-958D-878C37D6F248}.Release|x64.Build.0 = Release|x64
		{DB4E3506-6E51-3DDC-958D-878C37D6F248}.MinSizeRel|x64.ActiveCfg = MinSizeRel|x64
		{DB4E3506-6E51-3DDC-958D-878C37D6F248}.MinSizeRel|x64.Build.0 = MinSizeRel|x64
		{DB4E3506-6E51-3DDC-958D-878C37D6F248}.RelWithDebInfo|x64.ActiveCfg = RelWithDebInfo|x64
		{DB4E3506-6E51-3DDC-958D-878C37D6F248}.RelWithDebInfo|x64.Build.0 = RelWithDebInfo|x64
		{48DC525A-6F03-38B7-A291-D308B0A76250}.Debug|x64.ActiveCfg = Debug|x64
		{48DC525A-6F03-38B7-A291-D308B0A76250}.Debug|x64.Build.0 = Debug|x64
		{48DC525A-6F03-38B7-A291-D308B0A76250}.Release|x64.ActiveCfg = Release|x64
		{48DC525A-6F03-38B7-A291-D308B0A76250}.Release|x64.Build.0 = Release|x64
		{48DC525A-6F03-38B7-A291-D308B0A76250}.MinSizeRel|x64.ActiveCfg = MinSizeRel|x64
		{48DC525A-6F03-38B7-A291-D308B0A76250}.MinSizeRel|x64.Build.0 = MinSizeRel|x64
		{48DC525A-6F03-38B7-A291-D308B0A76250}.RelWithDebInfo|x64.ActiveCfg = RelWithDebInfo|x64
		{48DC525A-6F03-38B7-A291-D308B0A76250}.RelWithDebInfo|x64.Build.0 = RelWithDebInfo|x64
		{F56B28A4-A0A3-3580-B252-1329DC457703}.Debug|x64.ActiveCfg = Debug|x64
		{F56B28A4-A0A3-3580-B252-1329DC457703}.Debug|x64.Build.0 = Debug|x64
		{F56B28A4-A0A3-3580-B252-1329DC457703}.Release|x64.ActiveCfg = Release|x64
		{F56B28A4-A0A3-3580-B252-1329DC457703}.Release|x64.Build.0 = Release|x64
		{F56B28A4-A0A3-3580-B252-1329DC457703}.MinSizeRel|x64.ActiveCfg = MinSizeRel|x64
		{F56B28A4-A0A3-3580-B252-1329DC457703}.MinSizeRel|x64.Build.0 = MinSizeRel|x64
		{F56B28A4-A0A3-3580-B252-1329DC457703}.RelWithDebInfo|x64.ActiveCfg = RelWithDebInfo|x64
		{F56B28A4-A0A3-3580-B252-1329DC457703}.RelWithDebInfo|x64.Build.0 = RelWithDebInfo|x64
		{81B9614C-C141-39E3-94C1-40007CF2CF93}.Debug|x64.ActiveCfg = Debug|x64
		{81B9614C-C141-39E3-94C1-40007CF2CF93}.Debug|x64.Build.0 = Debug|x64
		{81B9614C-C141-39E3-94C1-40007CF2CF93}.Release|x64.ActiveCfg = Release|x64
		{81B9614C-C141-39E3-94C1-40007CF2CF93}.Release|x64.Build.0 = Release|x64
		{81B9614C-C141-39E3-94C1-40007CF2CF93}.MinSizeRel|x64.ActiveCfg = MinSizeRel|x64
		{81B9614C-C141-39E3-94C1-40007CF2CF93}.MinSizeRel|x64.Build.0 = MinSizeRel|x64
		{81B9614C-C141-39E3-94C1-40007CF2CF93}.RelWithDebInfo|x64.ActiveCfg = RelWithDebInfo|x64
		{81B9614C-C141-39E3-94C1-40007CF2CF93}.RelWithDebInfo|x64.Build.0 = RelWithDebInfo|x64
		{FD491DD2-945F-34E5-98B8-7370E21C9D53}.Debug|x64.ActiveCfg = Debug|x64
		{FD491DD2-945F-34E5-98B8-7370E21C9D53}.Debug|x64.Build.0 = Debug|x64
		{FD491DD2-945F-34E5-98B8-7370E21C9D53}.Release|x64.ActiveCfg = Release|x64
		{FD491DD2-945F-34E5-98B8-7370E21C9D53}.Release|x64.Build.0 = Release|x64
		{FD491DD2-945F-34E5-98B8-7370E21C9D53}.MinSizeRel|x64.ActiveCfg = MinSizeRel|x64
		{FD491DD2-945F-34E5-98B8-7370E21C9D53}.MinSizeRel|x64.Build.0 = MinSizeRel|x64
		{FD491DD2-945F-34E5-98B8-7370E21C9D53}.RelWithDebInfo|x64.ActiveCfg = RelWithDebInfo|x64
		{FD491DD2-945F-34E5-98B8-7370E21C9D53}.RelWithDebInfo|x64.Build.0 = RelWithDebInfo|x64
		{D0E77A3B-6E53-353E-A844-B04BADB3C8DA}.Debug|x64.ActiveCfg = Debug|x64
		{D0E77A3B-6E53-353E-A844-B04BADB3C8DA}.Debug|x64.Build.0 = Debug|x64
		{D0E77A3B-6E53-353E-A844-B04BADB3C8DA}.Release|x64.ActiveCfg = Release|x64
		{D0E77A3B-6E53-353E-A844-B04BADB3C8DA}.Release|x64.Build.0 = Release|x64
		{D0E77A3B-6E53-353E-A844-B04BADB3C8DA}.MinSizeRel|x64.ActiveCfg = MinSizeRel|x64
		{D0E77A3B-6E53-353E-A844-B04BADB3C8DA}.MinSizeRel|x64.Build.0 = MinSizeRel|x64
		{D0E77A3B-6E53-353E-A844-B04BADB3C8DA}.RelWithDebInfo|x64.ActiveCfg = RelWithDebInfo|x64
		{D0E77A3B-6E53-353E-A844-B04BADB3C8DA}.RelWithDebInfo|x64.Build.0 = RelWithDebInfo|x64
		{9E8FD63C-B2FF-332E-BE2F-A795FE00A274}.Debug|x64.ActiveCfg = Debug|x64
		{9E8FD63C-B2FF-332E-BE2F-A795FE00A274}.Debug|x64.Build.0 = Debug|x64
		{9E8FD63C-B2FF-332E-BE2F-A795FE00A274}.Release|x64.ActiveCfg = Release|x64
		{9E8FD63C-B2FF-332E-BE2F-A795FE00A274}.Release|x64.Build.0 = Release|x64
		{9E8FD63C-B2FF-332E-BE2F-A795FE00A274}.MinSizeRel|x64.ActiveCfg = MinSizeRel|x64
		{9E8FD63C-B2FF-332E-BE2F-A795FE00A274}.MinSizeRel|x64.Build.0 = MinSizeRel|x64
		{9E8FD63C-B2FF-332E-BE2F-A795FE00A274}.RelWithDebInfo|x64.ActiveCfg = RelWithDebInfo|x64
		{9E8FD63C-B2FF-332E-BE2F-A795FE00A274}.RelWithDebInfo|x64.Build.0 = RelWithDebInfo|x64
	EndGlobalSection
	GlobalSection(NestedProjects) = preSolution
		{92126F18-CAC8-3395-88B8-4104E32A55E3} = {90A53C29-69D0-3B4C-9653-4502A336130E}
		{EBAD491E-6D09-3DE1-B2E2-0F4339B03C39} = {90A53C29-69D0-3B4C-9653-4502A336130E}
		{38F1D08A-A844-3300-8425-C536D7E288E5} = {90A53C29-69D0-3B4C-9653-4502A336130E}
		{386CB288-C699-3603-A6EC-E819A963C917} = {90A53C29-69D0-3B4C-9653-4502A336130E}
		{DB4E3506-6E51-3DDC-958D-878C37D6F248} = {90A53C29-69D0-3B4C-9653-4502A336130E}
		{4A0B195F-CB4F-3FAC-9A8A-70FD279CA202} = {1B0CA01A-E121-312C-8382-761C6B7B8EAA}
		{A3EEF365-D10B-31D5-AC1C-B562A33DE47B} = {1B0CA01A-E121-312C-8382-761C6B7B8EAA}
		{07F79B31-D2F4-320F-9AF7-B783344A1262} = {1B0CA01A-E121-312C-8382-761C6B7B8EAA}
		{32920450-F7B9-3777-AD59-C4C8D680EE89} = {1B0CA01A-E121-312C-8382-761C6B7B8EAA}
		{ABB766C3-F541-344A-86F6-C9BF809DFF00} = {D1F2458C-76EA-3E21-A398-7396AFDD2426}
		{48DC525A-6F03-38B7-A291-D308B0A76250} = {D1F2458C-76EA-3E21-A398-7396AFDD2426}
		{F56B28A4-A0A3-3580-B252-1329DC457703} = {D1F2458C-76EA-3E21-A398-7396AFDD2426}
		{81B9614C-C141-39E3-94C1-40007CF2CF93} = {D1F2458C-76EA-3E21-A398-7396AFDD2426}
		{FD491DD2-945F-34E5-98B8-7370E21C9D53} = {D1F2458C-76EA-3E21-A398-7396AFDD2426}
		{D0E77A3B-6E53-353E-A844-B04BADB3C8DA} = {D1F2458C-76EA-3E21-A398-7396AFDD2426}
		{9E8FD63C-B2FF-332E-BE2F-A795FE00A274} = {D1F2458C-76EA-3E21-A398-7396AFDD2426}
	EndGlobalSection
	GlobalSection(ExtensibilityGlobals) = postSolution
		SolutionGuid = {B40DA995-3FEF-3E44-B064-B7A8B173275C}
	EndGlobalSection
	GlobalSection(ExtensibilityAddIns) = postSolution
	EndGlobalSection
EndGlobal
