
Microsoft Visual Studio Solution File, Format Version 12.00
# Visual Studio Version 16
Project("{2150E333-8FDC-42A3-9474-1A3956D46DE8}") = "CMakePredefinedTargets", "CMakePredefinedTargets", "{90A53C29-69D0-3B4C-9653-4502A336130E}"
EndProject
Project("{2150E333-8FDC-42A3-9474-1A3956D46DE8}") = "ext", "ext", "{D1F2458C-76EA-3E21-A398-7396AFDD2426}"
EndProject
Project("{8BC9CEB8-8B4A-11D0-8D11-00A0C91BC942}") = "ALL_BUILD", "ALL_BUILD.vcxproj", "{92126F18-CAC8-3395-88B8-4104E32A55E3}"
	ProjectSection(ProjectDependencies) = postProject
		{BF730BCD-E33F-3FEA-A23E-1F2E2091B6D0} = {BF730BCD-E33F-3FEA-A23E-1F2E2091B6D0}
		{34415889-4B66-35BA-B484-AE403FF17BAF} = {34415889-4B66-35BA-B484-AE403FF17BAF}
		{47FED818-2E95-323B-87D1-CCD9522CAF1E} = {47FED818-2E95-323B-87D1-CCD9522CAF1E}
		{A574E43D-EDB7-36B4-9FC6-C574E3961BBD} = {A574E43D-EDB7-36B4-9FC6-C574E3961BBD}
		{0D5DAC65-5E43-3489-9A87-4B7CB9D6658E} = {0D5DAC65-5E43-3489-9A87-4B7CB9D6658E}
		{F315BAAC-D951-32DF-B3A9-D6651AB0C73B} = {F315BAAC-D951-32DF-B3A9-D6651AB0C73B}
		{E0325D57-8142-3118-819D-2C99FB01DEA4} = {E0325D57-8142-3118-819D-2C99FB01DEA4}
		{DB4E3506-6E51-3DDC-958D-878C37D6F248} = {DB4E3506-6E51-3DDC-958D-878C37D6F248}
		{1DAB146B-19EB-34D3-B559-2E9F509FBBA2} = {1DAB146B-19EB-34D3-B559-2E9F509FBBA2}
		{D7CD5E2D-088C-356C-85E0-40055AD5EEB4} = {D7CD5E2D-088C-356C-85E0-40055AD5EEB4}
		{D55BC088-15C4-343B-A296-18AF7175AC9D} = {D55BC088-15C4-343B-A296-18AF7175AC9D}
		{F7FC1975-59B3-383D-B3CA-80AF319E7915} = {F7FC1975-59B3-383D-B3CA-80AF319E7915}
	EndProjectSection
EndProject
Project("{8BC9CEB8-8B4A-11D0-8D11-00A0C91BC942}") = "CopyIlmBaseLibs", "CopyIlmBaseLibs.vcxproj", "{F0C2652D-FA41-3FE6-8BDE-9A6FDB337F8A}"
	ProjectSection(ProjectDependencies) = postProject
		{BF730BCD-E33F-3FEA-A23E-1F2E2091B6D0} = {BF730BCD-E33F-3FEA-A23E-1F2E2091B6D0}
		{34415889-4B66-35BA-B484-AE403FF17BAF} = {34415889-4B66-35BA-B484-AE403FF17BAF}
		{F315BAAC-D951-32DF-B3A9-D6651AB0C73B} = {F315BAAC-D951-32DF-B3A9-D6651AB0C73B}
		{E0325D57-8142-3118-819D-2C99FB01DEA4} = {E0325D57-8142-3118-819D-2C99FB01DEA4}
		{DB4E3506-6E51-3DDC-958D-878C37D6F248} = {DB4E3506-6E51-3DDC-958D-878C37D6F248}
	EndProjectSection
EndProject
Project("{8BC9CEB8-8B4A-11D0-8D11-00A0C91BC942}") = "Half", "IlmBase\Half\Half.vcxproj", "{BF730BCD-E33F-3FEA-A23E-1F2E2091B6D0}"
	ProjectSection(ProjectDependencies) = postProject
		{DB4E3506-6E51-3DDC-958D-878C37D6F248} = {DB4E3506-6E51-3DDC-958D-878C37D6F248}
		{D55BC088-15C4-343B-A296-18AF7175AC9D} = {D55BC088-15C4-343B-A296-18AF7175AC9D}
		{F7FC1975-59B3-383D-B3CA-80AF319E7915} = {F7FC1975-59B3-383D-B3CA-80AF319E7915}
	EndProjectSection
EndProject
Project("{8BC9CEB8-8B4A-11D0-8D11-00A0C91BC942}") = "INSTALL", "INSTALL.vcxproj", "{EBAD491E-6D09-3DE1-B2E2-0F4339B03C39}"
	ProjectSection(ProjectDependencies) = postProject
		{92126F18-CAC8-3395-88B8-4104E32A55E3} = {92126F18-CAC8-3395-88B8-4104E32A55E3}
		{DB4E3506-6E51-3DDC-958D-878C37D6F248} = {DB4E3506-6E51-3DDC-958D-878C37D6F248}
	EndProjectSection
EndProject
Project("{8BC9CEB8-8B4A-11D0-8D11-00A0C91BC942}") = "Iex", "IlmBase\Iex\Iex.vcxproj", "{34415889-4B66-35BA-B484-AE403FF17BAF}"
	ProjectSection(ProjectDependencies) = postProject
		{DB4E3506-6E51-3DDC-958D-878C37D6F248} = {DB4E3506-6E51-3DDC-958D-878C37D6F248}
	EndProjectSection
EndProject
Project("{8BC9CEB8-8B4A-11D0-8D11-00A0C91BC942}") = "IexMath", "IlmBase\IexMath\IexMath.vcxproj", "{47FED818-2E95-323B-87D1-CCD9522CAF1E}"
	ProjectSection(ProjectDependencies) = postProject
		{34415889-4B66-35BA-B484-AE403FF17BAF} = {34415889-4B66-35BA-B484-AE403FF17BAF}
		{DB4E3506-6E51-3DDC-958D-878C37D6F248} = {DB4E3506-6E51-3DDC-958D-878C37D6F248}
	EndProjectSection
EndProject
Project("{8BC9CEB8-8B4A-11D0-8D11-00A0C91BC942}") = "IlmImf", "OpenEXR\IlmImf\IlmImf.vcxproj", "{A574E43D-EDB7-36B4-9FC6-C574E3961BBD}"
	ProjectSection(ProjectDependencies) = postProject
		{BF730BCD-E33F-3FEA-A23E-1F2E2091B6D0} = {BF730BCD-E33F-3FEA-A23E-1F2E2091B6D0}
		{34415889-4B66-35BA-B484-AE403FF17BAF} = {34415889-4B66-35BA-B484-AE403FF17BAF}
		{0D5DAC65-5E43-3489-9A87-4B7CB9D6658E} = {0D5DAC65-5E43-3489-9A87-4B7CB9D6658E}
		{F315BAAC-D951-32DF-B3A9-D6651AB0C73B} = {F315BAAC-D951-32DF-B3A9-D6651AB0C73B}
		{E0325D57-8142-3118-819D-2C99FB01DEA4} = {E0325D57-8142-3118-819D-2C99FB01DEA4}
		{DB4E3506-6E51-3DDC-958D-878C37D6F248} = {DB4E3506-6E51-3DDC-958D-878C37D6F248}
		{1DAB146B-19EB-34D3-B559-2E9F509FBBA2} = {1DAB146B-19EB-34D3-B559-2E9F509FBBA2}
		{D7CD5E2D-088C-356C-85E0-40055AD5EEB4} = {D7CD5E2D-088C-356C-85E0-40055AD5EEB4}
		{9E8FD63C-B2FF-332E-BE2F-A795FE00A274} = {9E8FD63C-B2FF-332E-BE2F-A795FE00A274}
	EndProjectSection
EndProject
Project("{8BC9CEB8-8B4A-11D0-8D11-00A0C91BC942}") = "IlmImf-obj", "OpenEXR\IlmImf\IlmImf-obj.vcxproj", "{0D5DAC65-5E43-3489-9A87-4B7CB9D6658E}"
	ProjectSection(ProjectDependencies) = postProject
		{DB4E3506-6E51-3DDC-958D-878C37D6F248} = {DB4E3506-6E51-3DDC-958D-878C37D6F248}
	EndProjectSection
EndProject
Project("{8BC9CEB8-8B4A-11D0-8D11-00A0C91BC942}") = "IlmThread", "IlmBase\IlmThread\IlmThread.vcxproj", "{F315BAAC-D951-32DF-B3A9-D6651AB0C73B}"
	ProjectSection(ProjectDependencies) = postProject
		{34415889-4B66-35BA-B484-AE403FF17BAF} = {34415889-4B66-35BA-B484-AE403FF17BAF}
		{DB4E3506-6E51-3DDC-958D-878C37D6F248} = {DB4E3506-6E51-3DDC-958D-878C37D6F248}
	EndProjectSection
EndProject
Project("{8BC9CEB8-8B4A-11D0-8D11-00A0C91BC942}") = "Imath", "IlmBase\Imath\Imath.vcxproj", "{E0325D57-8142-3118-819D-2C99FB01DEA4}"
	ProjectSection(ProjectDependencies) = postProject
		{34415889-4B66-35BA-B484-AE403FF17BAF} = {34415889-4B66-35BA-B484-AE403FF17BAF}
		{DB4E3506-6E51-3DDC-958D-878C37D6F248} = {DB4E3506-6E51-3DDC-958D-878C37D6F248}
	EndProjectSection
EndProject
Project("{8BC9CEB8-8B4A-11D0-8D11-00A0C91BC942}") = "PACKAGE", "PACKAGE.vcxproj", "{38F1D08A-A844-3300-8425-C536D7E288E5}"
	ProjectSection(ProjectDependencies) = postProject
		{92126F18-CAC8-3395-88B8-4104E32A55E3} = {92126F18-CAC8-3395-88B8-4104E32A55E3}
		{DB4E3506-6E51-3DDC-958D-878C37D6F248} = {DB4E3506-6E51-3DDC-958D-878C37D6F248}
	EndProjectSection
EndProject
Project("{8BC9CEB8-8B4A-11D0-8D11-00A0C91BC942}") = "RUN_TESTS", "RUN_TESTS.vcxproj", "{386CB288-C699-3603-A6EC-E819A963C917}"
	ProjectSection(ProjectDependencies) = postProject
		{DB4E3506-6E51-3DDC-958D-878C37D6F248} = {DB4E3506-6E51-3DDC-958D-878C37D6F248}
	EndProjectSection
EndProject
Project("{8BC9CEB8-8B4A-11D0-8D11-00A0C91BC942}") = "ZERO_CHECK", "..\..\..\\ZERO_CHECK.vcxproj", "{DB4E3506-6E51-3DDC-958D-878C37D6F248}"
	ProjectSection(ProjectDependencies) = postProject
	EndProjectSection
EndProject
Project("{8BC9CEB8-8B4A-11D0-8D11-00A0C91BC942}") = "b44ExpLogTable", "OpenEXR\IlmImf\b44ExpLogTable.vcxproj", "{1DAB146B-19EB-34D3-B559-2E9F509FBBA2}"
	ProjectSection(ProjectDependencies) = postProject
		{F0C2652D-FA41-3FE6-8BDE-9A6FDB337F8A} = {F0C2652D-FA41-3FE6-8BDE-9A6FDB337F8A}
		{BF730BCD-E33F-3FEA-A23E-1F2E2091B6D0} = {BF730BCD-E33F-3FEA-A23E-1F2E2091B6D0}
		{34415889-4B66-35BA-B484-AE403FF17BAF} = {34415889-4B66-35BA-B484-AE403FF17BAF}
		{F315BAAC-D951-32DF-B3A9-D6651AB0C73B} = {F315BAAC-D951-32DF-B3A9-D6651AB0C73B}
		{DB4E3506-6E51-3DDC-958D-878C37D6F248} = {DB4E3506-6E51-3DDC-958D-878C37D6F248}
	EndProjectSection
EndProject
Project("{8BC9CEB8-8B4A-11D0-8D11-00A0C91BC942}") = "dwaLookups", "OpenEXR\IlmImf\dwaLookups.vcxproj", "{D7CD5E2D-088C-356C-85E0-40055AD5EEB4}"
	ProjectSection(ProjectDependencies) = postProject
		{F0C2652D-FA41-3FE6-8BDE-9A6FDB337F8A} = {F0C2652D-FA41-3FE6-8BDE-9A6FDB337F8A}
		{BF730BCD-E33F-3FEA-A23E-1F2E2091B6D0} = {BF730BCD-E33F-3FEA-A23E-1F2E2091B6D0}
		{34415889-4B66-35BA-B484-AE403FF17BAF} = {34415889-4B66-35BA-B484-AE403FF17BAF}
		{F315BAAC-D951-32DF-B3A9-D6651AB0C73B} = {F315BAAC-D951-32DF-B3A9-D6651AB0C73B}
		{DB4E3506-6E51-3DDC-958D-878C37D6F248} = {DB4E3506-6E51-3DDC-958D-878C37D6F248}
	EndProjectSection
EndProject
Project("{8BC9CEB8-8B4A-11D0-8D11-00A0C91BC942}") = "eLut", "IlmBase\Half\eLut.vcxproj", "{D55BC088-15C4-343B-A296-18AF7175AC9D}"
	ProjectSection(ProjectDependencies) = postProject
		{DB4E3506-6E51-3DDC-958D-878C37D6F248} = {DB4E3506-6E51-3DDC-958D-878C37D6F248}
	EndProjectSection
EndProject
Project("{8BC9CEB8-8B4A-11D0-8D11-00A0C91BC942}") = "toFloat", "IlmBase\Half\toFloat.vcxproj", "{F7FC1975-59B3-383D-B3CA-80AF319E7915}"
	ProjectSection(ProjectDependencies) = postProject
		{DB4E3506-6E51-3DDC-958D-878C37D6F248} = {DB4E3506-6E51-3DDC-958D-878C37D6F248}
	EndProjectSection
EndProject
Project("{8BC9CEB8-8B4A-11D0-8D11-00A0C91BC942}") = "zlibstatic", "..\zlib\zlibstatic.vcxproj", "{9E8FD63C-B2FF-332E-BE2F-A795FE00A274}"
	ProjectSection(ProjectDependencies) = postProject
		{DB4E3506-6E51-3DDC-958D-878C37D6F248} = {DB4E3506-6E51-3DDC-958D-878C37D6F248}
	EndProjectSection
EndProject
Global
	GlobalSection(SolutionConfigurationPlatforms) = preSolution
		Debug|x64 = Debug|x64
		Release|x64 = Release|x64
		MinSizeRel|x64 = MinSizeRel|x64
		RelWithDebInfo|x64 = RelWithDebInfo|x64
	EndGlobalSection
	GlobalSection(ProjectConfigurationPlatforms) = postSolution
		{92126F18-CAC8-3395-88B8-4104E32A55E3}.Debug|x64.ActiveCfg = Debug|x64
		{92126F18-CAC8-3395-88B8-4104E32A55E3}.Debug|x64.Build.0 = Debug|x64
		{92126F18-CAC8-3395-88B8-4104E32A55E3}.Release|x64.ActiveCfg = Release|x64
		{92126F18-CAC8-3395-88B8-4104E32A55E3}.Release|x64.Build.0 = Release|x64
		{92126F18-CAC8-3395-88B8-4104E32A55E3}.MinSizeRel|x64.ActiveCfg = MinSizeRel|x64
		{92126F18-CAC8-3395-88B8-4104E32A55E3}.MinSizeRel|x64.Build.0 = MinSizeRel|x64
		{92126F18-CAC8-3395-88B8-4104E32A55E3}.RelWithDebInfo|x64.ActiveCfg = RelWithDebInfo|x64
		{92126F18-CAC8-3395-88B8-4104E32A55E3}.RelWithDebInfo|x64.Build.0 = RelWithDebInfo|x64
		{F0C2652D-FA41-3FE6-8BDE-9A6FDB337F8A}.Debug|x64.ActiveCfg = Debug|x64
		{F0C2652D-FA41-3FE6-8BDE-9A6FDB337F8A}.Debug|x64.Build.0 = Debug|x64
		{F0C2652D-FA41-3FE6-8BDE-9A6FDB337F8A}.Release|x64.ActiveCfg = Release|x64
		{F0C2652D-FA41-3FE6-8BDE-9A6FDB337F8A}.Release|x64.Build.0 = Release|x64
		{F0C2652D-FA41-3FE6-8BDE-9A6FDB337F8A}.MinSizeRel|x64.ActiveCfg = MinSizeRel|x64
		{F0C2652D-FA41-3FE6-8BDE-9A6FDB337F8A}.MinSizeRel|x64.Build.0 = MinSizeRel|x64
		{F0C2652D-FA41-3FE6-8BDE-9A6FDB337F8A}.RelWithDebInfo|x64.ActiveCfg = RelWithDebInfo|x64
		{F0C2652D-FA41-3FE6-8BDE-9A6FDB337F8A}.RelWithDebInfo|x64.Build.0 = RelWithDebInfo|x64
		{BF730BCD-E33F-3FEA-A23E-1F2E2091B6D0}.Debug|x64.ActiveCfg = Debug|x64
		{BF730BCD-E33F-3FEA-A23E-1F2E2091B6D0}.Debug|x64.Build.0 = Debug|x64
		{BF730BCD-E33F-3FEA-A23E-1F2E2091B6D0}.Release|x64.ActiveCfg = Release|x64
		{BF730BCD-E33F-3FEA-A23E-1F2E2091B6D0}.Release|x64.Build.0 = Release|x64
		{BF730BCD-E33F-3FEA-A23E-1F2E2091B6D0}.MinSizeRel|x64.ActiveCfg = MinSizeRel|x64
		{BF730BCD-E33F-3FEA-A23E-1F2E2091B6D0}.MinSizeRel|x64.Build.0 = MinSizeRel|x64
		{BF730BCD-E33F-3FEA-A23E-1F2E2091B6D0}.RelWithDebInfo|x64.ActiveCfg = RelWithDebInfo|x64
		{BF730BCD-E33F-3FEA-A23E-1F2E2091B6D0}.RelWithDebInfo|x64.Build.0 = RelWithDebInfo|x64
		{EBAD491E-6D09-3DE1-B2E2-0F4339B03C39}.Debug|x64.ActiveCfg = Debug|x64
		{EBAD491E-6D09-3DE1-B2E2-0F4339B03C39}.Release|x64.ActiveCfg = Release|x64
		{EBAD491E-6D09-3DE1-B2E2-0F4339B03C39}.MinSizeRel|x64.ActiveCfg = MinSizeRel|x64
		{EBAD491E-6D09-3DE1-B2E2-0F4339B03C39}.RelWithDebInfo|x64.ActiveCfg = RelWithDebInfo|x64
		{34415889-4B66-35BA-B484-AE403FF17BAF}.Debug|x64.ActiveCfg = Debug|x64
		{34415889-4B66-35BA-B484-AE403FF17BAF}.Debug|x64.Build.0 = Debug|x64
		{34415889-4B66-35BA-B484-AE403FF17BAF}.Release|x64.ActiveCfg = Release|x64
		{34415889-4B66-35BA-B484-AE403FF17BAF}.Release|x64.Build.0 = Release|x64
		{34415889-4B66-35BA-B484-AE403FF17BAF}.MinSizeRel|x64.ActiveCfg = MinSizeRel|x64
		{34415889-4B66-35BA-B484-AE403FF17BAF}.MinSizeRel|x64.Build.0 = MinSizeRel|x64
		{34415889-4B66-35BA-B484-AE403FF17BAF}.RelWithDebInfo|x64.ActiveCfg = RelWithDebInfo|x64
		{34415889-4B66-35BA-B484-AE403FF17BAF}.RelWithDebInfo|x64.Build.0 = RelWithDebInfo|x64
		{47FED818-2E95-323B-87D1-CCD9522CAF1E}.Debug|x64.ActiveCfg = Debug|x64
		{47FED818-2E95-323B-87D1-CCD9522CAF1E}.Debug|x64.Build.0 = Debug|x64
		{47FED818-2E95-323B-87D1-CCD9522CAF1E}.Release|x64.ActiveCfg = Release|x64
		{47FED818-2E95-323B-87D1-CCD9522CAF1E}.Release|x64.Build.0 = Release|x64
		{47FED818-2E95-323B-87D1-CCD9522CAF1E}.MinSizeRel|x64.ActiveCfg = MinSizeRel|x64
		{47FED818-2E95-323B-87D1-CCD9522CAF1E}.MinSizeRel|x64.Build.0 = MinSizeRel|x64
		{47FED818-2E95-323B-87D1-CCD9522CAF1E}.RelWithDebInfo|x64.ActiveCfg = RelWithDebInfo|x64
		{47FED818-2E95-323B-87D1-CCD9522CAF1E}.RelWithDebInfo|x64.Build.0 = RelWithDebInfo|x64
		{A574E43D-EDB7-36B4-9FC6-C574E3961BBD}.Debug|x64.ActiveCfg = Debug|x64
		{A574E43D-EDB7-36B4-9FC6-C574E3961BBD}.Debug|x64.Build.0 = Debug|x64
		{A574E43D-EDB7-36B4-9FC6-C574E3961BBD}.Release|x64.ActiveCfg = Release|x64
		{A574E43D-EDB7-36B4-9FC6-C574E3961BBD}.Release|x64.Build.0 = Release|x64
		{A574E43D-EDB7-36B4-9FC6-C574E3961BBD}.MinSizeRel|x64.ActiveCfg = MinSizeRel|x64
		{A574E43D-EDB7-36B4-9FC6-C574E3961BBD}.MinSizeRel|x64.Build.0 = MinSizeRel|x64
		{A574E43D-EDB7-36B4-9FC6-C574E3961BBD}.RelWithDebInfo|x64.ActiveCfg = RelWithDebInfo|x64
		{A574E43D-EDB7-36B4-9FC6-C574E3961BBD}.RelWithDebInfo|x64.Build.0 = RelWithDebInfo|x64
		{0D5DAC65-5E43-3489-9A87-4B7CB9D6658E}.Debug|x64.ActiveCfg = Debug|x64
		{0D5DAC65-5E43-3489-9A87-4B7CB9D6658E}.Debug|x64.Build.0 = Debug|x64
		{0D5DAC65-5E43-3489-9A87-4B7CB9D6658E}.Release|x64.ActiveCfg = Release|x64
		{0D5DAC65-5E43-3489-9A87-4B7CB9D6658E}.Release|x64.Build.0 = Release|x64
		{0D5DAC65-5E43-3489-9A87-4B7CB9D6658E}.MinSizeRel|x64.ActiveCfg = MinSizeRel|x64
		{0D5DAC65-5E43-3489-9A87-4B7CB9D6658E}.MinSizeRel|x64.Build.0 = MinSizeRel|x64
		{0D5DAC65-5E43-3489-9A87-4B7CB9D6658E}.RelWithDebInfo|x64.ActiveCfg = RelWithDebInfo|x64
		{0D5DAC65-5E43-3489-9A87-4B7CB9D6658E}.RelWithDebInfo|x64.Build.0 = RelWithDebInfo|x64
		{F315BAAC-D951-32DF-B3A9-D6651AB0C73B}.Debug|x64.ActiveCfg = Debug|x64
		{F315BAAC-D951-32DF-B3A9-D6651AB0C73B}.Debug|x64.Build.0 = Debug|x64
		{F315BAAC-D951-32DF-B3A9-D6651AB0C73B}.Release|x64.ActiveCfg = Release|x64
		{F315BAAC-D951-32DF-B3A9-D6651AB0C73B}.Release|x64.Build.0 = Release|x64
		{F315BAAC-D951-32DF-B3A9-D6651AB0C73B}.MinSizeRel|x64.ActiveCfg = MinSizeRel|x64
		{F315BAAC-D951-32DF-B3A9-D6651AB0C73B}.MinSizeRel|x64.Build.0 = MinSizeRel|x64
		{F315BAAC-D951-32DF-B3A9-D6651AB0C73B}.RelWithDebInfo|x64.ActiveCfg = RelWithDebInfo|x64
		{F315BAAC-D951-32DF-B3A9-D6651AB0C73B}.RelWithDebInfo|x64.Build.0 = RelWithDebInfo|x64
		{E0325D57-8142-3118-819D-2C99FB01DEA4}.Debug|x64.ActiveCfg = Debug|x64
		{E0325D57-8142-3118-819D-2C99FB01DEA4}.Debug|x64.Build.0 = Debug|x64
		{E0325D57-8142-3118-819D-2C99FB01DEA4}.Release|x64.ActiveCfg = Release|x64
		{E0325D57-8142-3118-819D-2C99FB01DEA4}.Release|x64.Build.0 = Release|x64
		{E0325D57-8142-3118-819D-2C99FB01DEA4}.MinSizeRel|x64.ActiveCfg = MinSizeRel|x64
		{E0325D57-8142-3118-819D-2C99FB01DEA4}.MinSizeRel|x64.Build.0 = MinSizeRel|x64
		{E0325D57-8142-3118-819D-2C99FB01DEA4}.RelWithDebInfo|x64.ActiveCfg = RelWithDebInfo|x64
		{E0325D57-8142-3118-819D-2C99FB01DEA4}.RelWithDebInfo|x64.Build.0 = RelWithDebInfo|x64
		{38F1D08A-A844-3300-8425-C536D7E288E5}.Debug|x64.ActiveCfg = Debug|x64
		{38F1D08A-A844-3300-8425-C536D7E288E5}.Release|x64.ActiveCfg = Release|x64
		{38F1D08A-A844-3300-8425-C536D7E288E5}.MinSizeRel|x64.ActiveCfg = MinSizeRel|x64
		{38F1D08A-A844-3300-8425-C536D7E288E5}.RelWithDebInfo|x64.ActiveCfg = RelWithDebInfo|x64
		{386CB288-C699-3603-A6EC-E819A963C917}.Debug|x64.ActiveCfg = Debug|x64
		{386CB288-C699-3603-A6EC-E819A963C917}.Release|x64.ActiveCfg = Release|x64
		{386CB288-C699-3603-A6EC-E819A963C917}.MinSizeRel|x64.ActiveCfg = MinSizeRel|x64
		{386CB288-C699-3603-A6EC-E819A963C917}.RelWithDebInfo|x64.ActiveCfg = RelWithDebInfo|x64
		{DB4E3506-6E51-3DDC-958D-878C37D6F248}.Debug|x64.ActiveCfg = Debug|x64
		{DB4E3506-6E51-3DDC-958D-878C37D6F248}.Debug|x64.Build.0 = Debug|x64
		{DB4E3506-6E51-3DDC-958D-878C37D6F248}.Release|x64.ActiveCfg = Release|x64
		{DB4E3506-6E51-3DDC-958D-878C37D6F248}.Release|x64.Build.0 = Release|x64
		{DB4E3506-6E51-3DDC-958D-878C37D6F248}.MinSizeRel|x64.ActiveCfg = MinSizeRel|x64
		{DB4E3506-6E51-3DDC-958D-878C37D6F248}.MinSizeRel|x64.Build.0 = MinSizeRel|x64
		{DB4E3506-6E51-3DDC-958D-878C37D6F248}.RelWithDebInfo|x64.ActiveCfg = RelWithDebInfo|x64
		{DB4E3506-6E51-3DDC-958D-878C37D6F248}.RelWithDebInfo|x64.Build.0 = RelWithDebInfo|x64
		{1DAB146B-19EB-34D3-B559-2E9F509FBBA2}.Debug|x64.ActiveCfg = Debug|x64
		{1DAB146B-19EB-34D3-B559-2E9F509FBBA2}.Debug|x64.Build.0 = Debug|x64
		{1DAB146B-19EB-34D3-B559-2E9F509FBBA2}.Release|x64.ActiveCfg = Release|x64
		{1DAB146B-19EB-34D3-B559-2E9F509FBBA2}.Release|x64.Build.0 = Release|x64
		{1DAB146B-19EB-34D3-B559-2E9F509FBBA2}.MinSizeRel|x64.ActiveCfg = MinSizeRel|x64
		{1DAB146B-19EB-34D3-B559-2E9F509FBBA2}.MinSizeRel|x64.Build.0 = MinSizeRel|x64
		{1DAB146B-19EB-34D3-B559-2E9F509FBBA2}.RelWithDebInfo|x64.ActiveCfg = RelWithDebInfo|x64
		{1DAB146B-19EB-34D3-B559-2E9F509FBBA2}.RelWithDebInfo|x64.Build.0 = RelWithDebInfo|x64
		{D7CD5E2D-088C-356C-85E0-40055AD5EEB4}.Debug|x64.ActiveCfg = Debug|x64
		{D7CD5E2D-088C-356C-85E0-40055AD5EEB4}.Debug|x64.Build.0 = Debug|x64
		{D7CD5E2D-088C-356C-85E0-40055AD5EEB4}.Release|x64.ActiveCfg = Release|x64
		{D7CD5E2D-088C-356C-85E0-40055AD5EEB4}.Release|x64.Build.0 = Release|x64
		{D7CD5E2D-088C-356C-85E0-40055AD5EEB4}.MinSizeRel|x64.ActiveCfg = MinSizeRel|x64
		{D7CD5E2D-088C-356C-85E0-40055AD5EEB4}.MinSizeRel|x64.Build.0 = MinSizeRel|x64
		{D7CD5E2D-088C-356C-85E0-40055AD5EEB4}.RelWithDebInfo|x64.ActiveCfg = RelWithDebInfo|x64
		{D7CD5E2D-088C-356C-85E0-40055AD5EEB4}.RelWithDebInfo|x64.Build.0 = RelWithDebInfo|x64
		{D55BC088-15C4-343B-A296-18AF7175AC9D}.Debug|x64.ActiveCfg = Debug|x64
		{D55BC088-15C4-343B-A296-18AF7175AC9D}.Debug|x64.Build.0 = Debug|x64
		{D55BC088-15C4-343B-A296-18AF7175AC9D}.Release|x64.ActiveCfg = Release|x64
		{D55BC088-15C4-343B-A296-18AF7175AC9D}.Release|x64.Build.0 = Release|x64
		{D55BC088-15C4-343B-A296-18AF7175AC9D}.MinSizeRel|x64.ActiveCfg = MinSizeRel|x64
		{D55BC088-15C4-343B-A296-18AF7175AC9D}.MinSizeRel|x64.Build.0 = MinSizeRel|x64
		{D55BC088-15C4-343B-A296-18AF7175AC9D}.RelWithDebInfo|x64.ActiveCfg = RelWithDebInfo|x64
		{D55BC088-15C4-343B-A296-18AF7175AC9D}.RelWithDebInfo|x64.Build.0 = RelWithDebInfo|x64
		{F7FC1975-59B3-383D-B3CA-80AF319E7915}.Debug|x64.ActiveCfg = Debug|x64
		{F7FC1975-59B3-383D-B3CA-80AF319E7915}.Debug|x64.Build.0 = Debug|x64
		{F7FC1975-59B3-383D-B3CA-80AF319E7915}.Release|x64.ActiveCfg = Release|x64
		{F7FC1975-59B3-383D-B3CA-80AF319E7915}.Release|x64.Build.0 = Release|x64
		{F7FC1975-59B3-383D-B3CA-80AF319E7915}.MinSizeRel|x64.ActiveCfg = MinSizeRel|x64
		{F7FC1975-59B3-383D-B3CA-80AF319E7915}.MinSizeRel|x64.Build.0 = MinSizeRel|x64
		{F7FC1975-59B3-383D-B3CA-80AF319E7915}.RelWithDebInfo|x64.ActiveCfg = RelWithDebInfo|x64
		{F7FC1975-59B3-383D-B3CA-80AF319E7915}.RelWithDebInfo|x64.Build.0 = RelWithDebInfo|x64
		{9E8FD63C-B2FF-332E-BE2F-A795FE00A274}.Debug|x64.ActiveCfg = Debug|x64
		{9E8FD63C-B2FF-332E-BE2F-A795FE00A274}.Debug|x64.Build.0 = Debug|x64
		{9E8FD63C-B2FF-332E-BE2F-A795FE00A274}.Release|x64.ActiveCfg = Release|x64
		{9E8FD63C-B2FF-332E-BE2F-A795FE00A274}.Release|x64.Build.0 = Release|x64
		{9E8FD63C-B2FF-332E-BE2F-A795FE00A274}.MinSizeRel|x64.ActiveCfg = MinSizeRel|x64
		{9E8FD63C-B2FF-332E-BE2F-A795FE00A274}.MinSizeRel|x64.Build.0 = MinSizeRel|x64
		{9E8FD63C-B2FF-332E-BE2F-A795FE00A274}.RelWithDebInfo|x64.ActiveCfg = RelWithDebInfo|x64
		{9E8FD63C-B2FF-332E-BE2F-A795FE00A274}.RelWithDebInfo|x64.Build.0 = RelWithDebInfo|x64
	EndGlobalSection
	GlobalSection(NestedProjects) = preSolution
		{92126F18-CAC8-3395-88B8-4104E32A55E3} = {90A53C29-69D0-3B4C-9653-4502A336130E}
		{EBAD491E-6D09-3DE1-B2E2-0F4339B03C39} = {90A53C29-69D0-3B4C-9653-4502A336130E}
		{38F1D08A-A844-3300-8425-C536D7E288E5} = {90A53C29-69D0-3B4C-9653-4502A336130E}
		{386CB288-C699-3603-A6EC-E819A963C917} = {90A53C29-69D0-3B4C-9653-4502A336130E}
		{DB4E3506-6E51-3DDC-958D-878C37D6F248} = {90A53C29-69D0-3B4C-9653-4502A336130E}
		{BF730BCD-E33F-3FEA-A23E-1F2E2091B6D0} = {D1F2458C-76EA-3E21-A398-7396AFDD2426}
		{34415889-4B66-35BA-B484-AE403FF17BAF} = {D1F2458C-76EA-3E21-A398-7396AFDD2426}
		{47FED818-2E95-323B-87D1-CCD9522CAF1E} = {D1F2458C-76EA-3E21-A398-7396AFDD2426}
		{A574E43D-EDB7-36B4-9FC6-C574E3961BBD} = {D1F2458C-76EA-3E21-A398-7396AFDD2426}
		{F315BAAC-D951-32DF-B3A9-D6651AB0C73B} = {D1F2458C-76EA-3E21-A398-7396AFDD2426}
		{E0325D57-8142-3118-819D-2C99FB01DEA4} = {D1F2458C-76EA-3E21-A398-7396AFDD2426}
		{1DAB146B-19EB-34D3-B559-2E9F509FBBA2} = {D1F2458C-76EA-3E21-A398-7396AFDD2426}
		{D7CD5E2D-088C-356C-85E0-40055AD5EEB4} = {D1F2458C-76EA-3E21-A398-7396AFDD2426}
		{D55BC088-15C4-343B-A296-18AF7175AC9D} = {D1F2458C-76EA-3E21-A398-7396AFDD2426}
		{F7FC1975-59B3-383D-B3CA-80AF319E7915} = {D1F2458C-76EA-3E21-A398-7396AFDD2426}
		{9E8FD63C-B2FF-332E-BE2F-A795FE00A274} = {D1F2458C-76EA-3E21-A398-7396AFDD2426}
	EndGlobalSection
	GlobalSection(ExtensibilityGlobals) = postSolution
		SolutionGuid = {A244AA5C-A89A-3255-A769-7580D1DB1EE7}
	EndGlobalSection
	GlobalSection(ExtensibilityAddIns) = postSolution
	EndGlobalSection
EndGlobal
